// !$*UTF8*$!
{
	archiveVersion = 1;
	classes = {
	};
	objectVersion = 46;
	objects = {

/* Begin PBXBuildFile section */
		3E3B83534210E46EEBC8C241 /* libPods.a in Frameworks */ = {isa = PBXBuildFile; fileRef = 6169974FCD325BFD41A1AF08 /* libPods.a */; };
		7D0EBBF41D19C2940024DB97 /* AppDelegate.swift in Sources */ = {isa = PBXBuildFile; fileRef = 7D0EBBF31D19C2940024DB97 /* AppDelegate.swift */; };
		7D2021041CDE53F1008D9F5D /* Assets.xcassets in Resources */ = {isa = PBXBuildFile; fileRef = 7D2021031CDE53F1008D9F5D /* Assets.xcassets */; };
		7D4278371551865E000240A5 /* Sandbox.storyboard in Resources */ = {isa = PBXBuildFile; fileRef = 7D4278351551865E000240A5 /* Sandbox.storyboard */; };
		7D66AE301B69769E00105E61 /* Launch Screen.xib in Resources */ = {isa = PBXBuildFile; fileRef = 7D66AE2F1B69769E00105E61 /* Launch Screen.xib */; };
/* End PBXBuildFile section */

/* Begin PBXFileReference section */
		6169974FCD325BFD41A1AF08 /* libPods.a */ = {isa = PBXFileReference; explicitFileType = archive.ar; includeInIndex = 0; path = libPods.a; sourceTree = BUILT_PRODUCTS_DIR; };
		72C47DEBECD433305593768F /* Pods.debug.xcconfig */ = {isa = PBXFileReference; includeInIndex = 1; lastKnownFileType = text.xcconfig; name = Pods.debug.xcconfig; path = "Pods/Target Support Files/Pods/Pods.debug.xcconfig"; sourceTree = "<group>"; };
		7D0EBBF21D19C2930024DB97 /* Sandbox-Bridging-Header.h */ = {isa = PBXFileReference; lastKnownFileType = sourcecode.c.h; path = "Sandbox-Bridging-Header.h"; sourceTree = "<group>"; };
		7D0EBBF31D19C2940024DB97 /* AppDelegate.swift */ = {isa = PBXFileReference; fileEncoding = 4; lastKnownFileType = sourcecode.swift; path = AppDelegate.swift; sourceTree = "<group>"; };
		7D2021031CDE53F1008D9F5D /* Assets.xcassets */ = {isa = PBXFileReference; lastKnownFileType = folder.assetcatalog; path = Assets.xcassets; sourceTree = "<group>"; };
		7D42781F1551865E000240A5 /* Sandbox.app */ = {isa = PBXFileReference; explicitFileType = wrapper.application; includeInIndex = 0; path = Sandbox.app; sourceTree = BUILT_PRODUCTS_DIR; };
		7D42782B1551865E000240A5 /* Sandbox-Info.plist */ = {isa = PBXFileReference; lastKnownFileType = text.plist.xml; path = "Sandbox-Info.plist"; sourceTree = "<group>"; };
		7D4278361551865E000240A5 /* en */ = {isa = PBXFileReference; lastKnownFileType = file.storyboard; name = en; path = en.lproj/Sandbox.storyboard; sourceTree = "<group>"; };
		7D66AE2F1B69769E00105E61 /* Launch Screen.xib */ = {isa = PBXFileReference; fileEncoding = 4; lastKnownFileType = file.xib; name = "Launch Screen.xib"; path = "en.lproj/Launch Screen.xib"; sourceTree = "<group>"; };
		FA78466A5B01A4D49F43056D /* Pods.release.xcconfig */ = {isa = PBXFileReference; includeInIndex = 1; lastKnownFileType = text.xcconfig; name = Pods.release.xcconfig; path = "Pods/Target Support Files/Pods/Pods.release.xcconfig"; sourceTree = "<group>"; };
/* End PBXFileReference section */

/* Begin PBXFrameworksBuildPhase section */
		7D42781C1551865E000240A5 /* Frameworks */ = {
			isa = PBXFrameworksBuildPhase;
			buildActionMask = 2147483647;
			files = (
				3E3B83534210E46EEBC8C241 /* libPods.a in Frameworks */,
			);
			runOnlyForDeploymentPostprocessing = 0;
		};
/* End PBXFrameworksBuildPhase section */

/* Begin PBXGroup section */
		11A1AAF9C4C876732EEBD85F /* Pods */ = {
			isa = PBXGroup;
			children = (
				72C47DEBECD433305593768F /* Pods.debug.xcconfig */,
				FA78466A5B01A4D49F43056D /* Pods.release.xcconfig */,
			);
			name = Pods;
			sourceTree = "<group>";
		};
		7D2020FC1CDE4E21008D9F5D /* Storyboards */ = {
			isa = PBXGroup;
			children = (
				7D66AE2F1B69769E00105E61 /* Launch Screen.xib */,
				7D4278351551865E000240A5 /* Sandbox.storyboard */,
			);
			name = Storyboards;
			sourceTree = "<group>";
		};
		7D4278141551865D000240A5 = {
			isa = PBXGroup;
			children = (
				7D4278221551865E000240A5 /* FRAMEWORKS */,
				7D4278291551865E000240A5 /* Sandbox */,
				7D4278201551865E000240A5 /* Products */,
				11A1AAF9C4C876732EEBD85F /* Pods */,
			);
			sourceTree = "<group>";
		};
		7D4278201551865E000240A5 /* Products */ = {
			isa = PBXGroup;
			children = (
				7D42781F1551865E000240A5 /* Sandbox.app */,
			);
			name = Products;
			sourceTree = "<group>";
		};
		7D4278221551865E000240A5 /* FRAMEWORKS */ = {
			isa = PBXGroup;
			children = (
				6169974FCD325BFD41A1AF08 /* libPods.a */,
			);
			name = FRAMEWORKS;
			sourceTree = "<group>";
		};
		7D4278291551865E000240A5 /* Sandbox */ = {
			isa = PBXGroup;
			children = (
				7D0EBBF31D19C2940024DB97 /* AppDelegate.swift */,
				7D0EBBF21D19C2930024DB97 /* Sandbox-Bridging-Header.h */,
				7D2021031CDE53F1008D9F5D /* Assets.xcassets */,
				7D2020FC1CDE4E21008D9F5D /* Storyboards */,
				7D42782A1551865E000240A5 /* Supporting Files */,
			);
			path = Sandbox;
			sourceTree = "<group>";
		};
		7D42782A1551865E000240A5 /* Supporting Files */ = {
			isa = PBXGroup;
			children = (
				7D42782B1551865E000240A5 /* Sandbox-Info.plist */,
			);
			name = "Supporting Files";
			sourceTree = "<group>";
		};
/* End PBXGroup section */

/* Begin PBXNativeTarget section */
		7D42781E1551865E000240A5 /* Sandbox */ = {
			isa = PBXNativeTarget;
			buildConfigurationList = 7D42783D1551865E000240A5 /* Build configuration list for PBXNativeTarget "Sandbox" */;
			buildPhases = (
				06F256CC601E1BC05AA5A7F7 /* Check Pods Manifest.lock */,
				7D42781B1551865E000240A5 /* Sources */,
				7D42781C1551865E000240A5 /* Frameworks */,
				7D42781D1551865E000240A5 /* Resources */,
				11C4A25C8A09D9E7D173E7B6 /* Embed Pods Frameworks */,
				7E29D98E9450C771820F2065 /* Copy Pods Resources */,
			);
			buildRules = (
			);
			dependencies = (
			);
			name = Sandbox;
			productName = Sandbox;
			productReference = 7D42781F1551865E000240A5 /* Sandbox.app */;
			productType = "com.apple.product-type.application";
		};
/* End PBXNativeTarget section */

/* Begin PBXProject section */
		7D4278161551865D000240A5 /* Project object */ = {
			isa = PBXProject;
			attributes = {
				CLASSPREFIX = Sandbox;
				LastSwiftUpdateCheck = 0730;
				LastUpgradeCheck = 0710;
				ORGANIZATIONNAME = MCMDI;
				TargetAttributes = {
					7D42781E1551865E000240A5 = {
						DevelopmentTeam = 2D5JKD3JJW;
					};
				};
			};
			buildConfigurationList = 7D4278191551865D000240A5 /* Build configuration list for PBXProject "Sandbox" */;
			compatibilityVersion = "Xcode 3.2";
			developmentRegion = English;
			hasScannedForEncodings = 0;
			knownRegions = (
				en,
			);
			mainGroup = 7D4278141551865D000240A5;
			productRefGroup = 7D4278201551865E000240A5 /* Products */;
			projectDirPath = "";
			projectRoot = "";
			targets = (
				7D42781E1551865E000240A5 /* Sandbox */,
			);
		};
/* End PBXProject section */

/* Begin PBXResourcesBuildPhase section */
		7D42781D1551865E000240A5 /* Resources */ = {
			isa = PBXResourcesBuildPhase;
			buildActionMask = 2147483647;
			files = (
				7D4278371551865E000240A5 /* Sandbox.storyboard in Resources */,
				7D2021041CDE53F1008D9F5D /* Assets.xcassets in Resources */,
				7D66AE301B69769E00105E61 /* Launch Screen.xib in Resources */,
			);
			runOnlyForDeploymentPostprocessing = 0;
		};
/* End PBXResourcesBuildPhase section */

/* Begin PBXShellScriptBuildPhase section */
		06F256CC601E1BC05AA5A7F7 /* Check Pods Manifest.lock */ = {
			isa = PBXShellScriptBuildPhase;
			buildActionMask = 2147483647;
			files = (
			);
			inputPaths = (
			);
			name = "Check Pods Manifest.lock";
			outputPaths = (
			);
			runOnlyForDeploymentPostprocessing = 0;
			shellPath = /bin/sh;
			shellScript = "diff \"${PODS_ROOT}/../Podfile.lock\" \"${PODS_ROOT}/Manifest.lock\" > /dev/null\nif [[ $? != 0 ]] ; then\n    cat << EOM\nerror: The sandbox is not in sync with the Podfile.lock. Run 'pod install' or update your CocoaPods installation.\nEOM\n    exit 1\nfi\n";
			showEnvVarsInLog = 0;
		};
		11C4A25C8A09D9E7D173E7B6 /* Embed Pods Frameworks */ = {
			isa = PBXShellScriptBuildPhase;
			buildActionMask = 2147483647;
			files = (
			);
			inputPaths = (
			);
			name = "Embed Pods Frameworks";
			outputPaths = (
			);
			runOnlyForDeploymentPostprocessing = 0;
			shellPath = /bin/sh;
			shellScript = "\"${SRCROOT}/Pods/Target Support Files/Pods/Pods-frameworks.sh\"\n";
			showEnvVarsInLog = 0;
		};
		7E29D98E9450C771820F2065 /* Copy Pods Resources */ = {
			isa = PBXShellScriptBuildPhase;
			buildActionMask = 2147483647;
			files = (
			);
			inputPaths = (
			);
			name = "Copy Pods Resources";
			outputPaths = (
			);
			runOnlyForDeploymentPostprocessing = 0;
			shellPath = /bin/sh;
			shellScript = "\"${SRCROOT}/Pods/Target Support Files/Pods/Pods-resources.sh\"\n";
			showEnvVarsInLog = 0;
		};
/* End PBXShellScriptBuildPhase section */

/* Begin PBXSourcesBuildPhase section */
		7D42781B1551865E000240A5 /* Sources */ = {
			isa = PBXSourcesBuildPhase;
			buildActionMask = 2147483647;
			files = (
				7D0EBBF41D19C2940024DB97 /* AppDelegate.swift in Sources */,
			);
			runOnlyForDeploymentPostprocessing = 0;
		};
/* End PBXSourcesBuildPhase section */

/* Begin PBXVariantGroup section */
		7D4278351551865E000240A5 /* Sandbox.storyboard */ = {
			isa = PBXVariantGroup;
			children = (
				7D4278361551865E000240A5 /* en */,
			);
			name = Sandbox.storyboard;
			sourceTree = "<group>";
		};
/* End PBXVariantGroup section */

/* Begin XCBuildConfiguration section */
		7D42783B1551865E000240A5 /* Debug */ = {
			isa = XCBuildConfiguration;
			buildSettings = {
				ALWAYS_SEARCH_USER_PATHS = NO;
				CLANG_ENABLE_OBJC_ARC = YES;
				CLANG_WARN_BOOL_CONVERSION = YES;
				CLANG_WARN_CONSTANT_CONVERSION = YES;
				CLANG_WARN_DEPRECATED_OBJC_IMPLEMENTATIONS = YES;
				CLANG_WARN_EMPTY_BODY = YES;
				CLANG_WARN_ENUM_CONVERSION = YES;
				CLANG_WARN_INT_CONVERSION = YES;
				CLANG_WARN_UNREACHABLE_CODE = YES;
				CLANG_WARN__DUPLICATE_METHOD_MATCH = YES;
				"CODE_SIGN_IDENTITY[sdk=iphoneos*]" = "iPhone Developer";
				COPY_PHASE_STRIP = NO;
				ENABLE_STRICT_OBJC_MSGSEND = YES;
				ENABLE_TESTABILITY = YES;
				GCC_C_LANGUAGE_STANDARD = gnu99;
				GCC_DYNAMIC_NO_PIC = NO;
				GCC_NO_COMMON_BLOCKS = YES;
				GCC_OPTIMIZATION_LEVEL = 0;
				GCC_PREPROCESSOR_DEFINITIONS = (
					"DEBUG=1",
					"$(inherited)",
				);
				GCC_SYMBOLS_PRIVATE_EXTERN = NO;
				GCC_VERSION = com.apple.compilers.llvm.clang.1_0;
				GCC_WARN_64_TO_32_BIT_CONVERSION = YES;
				GCC_WARN_ABOUT_RETURN_TYPE = YES;
				GCC_WARN_UNDECLARED_SELECTOR = YES;
				GCC_WARN_UNINITIALIZED_AUTOS = YES;
				GCC_WARN_UNUSED_FUNCTION = YES;
				GCC_WARN_UNUSED_VARIABLE = YES;
				IPHONEOS_DEPLOYMENT_TARGET = 8.0;
				ONLY_ACTIVE_ARCH = YES;
				PROVISIONING_PROFILE = "b4a54fce-3907-4fcb-bc5b-5bf81263db51";
				SDKROOT = iphoneos;
			};
			name = Debug;
		};
		7D42783C1551865E000240A5 /* Release */ = {
			isa = XCBuildConfiguration;
			buildSettings = {
				ALWAYS_SEARCH_USER_PATHS = NO;
				CLANG_ENABLE_OBJC_ARC = YES;
				CLANG_WARN_BOOL_CONVERSION = YES;
				CLANG_WARN_CONSTANT_CONVERSION = YES;
				CLANG_WARN_DEPRECATED_OBJC_IMPLEMENTATIONS = YES;
				CLANG_WARN_EMPTY_BODY = YES;
				CLANG_WARN_ENUM_CONVERSION = YES;
				CLANG_WARN_INT_CONVERSION = YES;
				CLANG_WARN_UNREACHABLE_CODE = YES;
				CLANG_WARN__DUPLICATE_METHOD_MATCH = YES;
				"CODE_SIGN_IDENTITY[sdk=iphoneos*]" = "iPhone Developer";
				COPY_PHASE_STRIP = YES;
				ENABLE_STRICT_OBJC_MSGSEND = YES;
				GCC_C_LANGUAGE_STANDARD = gnu99;
				GCC_NO_COMMON_BLOCKS = YES;
				GCC_VERSION = com.apple.compilers.llvm.clang.1_0;
				GCC_WARN_64_TO_32_BIT_CONVERSION = YES;
				GCC_WARN_ABOUT_RETURN_TYPE = YES;
				GCC_WARN_UNDECLARED_SELECTOR = YES;
				GCC_WARN_UNINITIALIZED_AUTOS = YES;
				GCC_WARN_UNUSED_FUNCTION = YES;
				GCC_WARN_UNUSED_VARIABLE = YES;
				IPHONEOS_DEPLOYMENT_TARGET = 8.0;
				OTHER_CFLAGS = "-DNS_BLOCK_ASSERTIONS=1";
				PROVISIONING_PROFILE = "b4a54fce-3907-4fcb-bc5b-5bf81263db51";
				SDKROOT = iphoneos;
				VALIDATE_PRODUCT = YES;
			};
			name = Release;
		};
		7D42783E1551865E000240A5 /* Debug */ = {
			isa = XCBuildConfiguration;
			baseConfigurationReference = 72C47DEBECD433305593768F /* Pods.debug.xcconfig */;
			buildSettings = {
				CLANG_ENABLE_MODULES = YES;
				CODE_SIGN_IDENTITY = "iPhone Developer";
				"CODE_SIGN_IDENTITY[sdk=iphoneos*]" = "iPhone Developer";
				FRAMEWORK_SEARCH_PATHS = "$(PROJECT_DIR)";
				GCC_PRECOMPILE_PREFIX_HEADER = YES;
				GCC_PREFIX_HEADER = "Sandbox/Sandbox-Prefix.pch";
				INFOPLIST_FILE = "Sandbox/Sandbox-Info.plist";
				IPHONEOS_DEPLOYMENT_TARGET = 8.0;
				LD_RUNPATH_SEARCH_PATHS = "$(inherited) @executable_path/Frameworks";
				PRODUCT_BUNDLE_IDENTIFIER = "com.eurekavalleyco.development.$(PRODUCT_NAME:rfc1034identifier)";
				PRODUCT_NAME = Sandbox;
				PROVISIONING_PROFILE = "";
				SWIFT_OBJC_BRIDGING_HEADER = "Sandbox/Sandbox-Bridging-Header.h";
				SWIFT_OPTIMIZATION_LEVEL = "-Onone";
				TARGETED_DEVICE_FAMILY = "1,2";
				WRAPPER_EXTENSION = app;
			};
			name = Debug;
		};
		7D42783F1551865E000240A5 /* Release */ = {
			isa = XCBuildConfiguration;
			baseConfigurationReference = FA78466A5B01A4D49F43056D /* Pods.release.xcconfig */;
			buildSettings = {
				CLANG_ENABLE_MODULES = YES;
				CODE_SIGN_IDENTITY = "iPhone Developer";
				"CODE_SIGN_IDENTITY[sdk=iphoneos*]" = "iPhone Developer";
				FRAMEWORK_SEARCH_PATHS = "$(PROJECT_DIR)";
				GCC_PRECOMPILE_PREFIX_HEADER = YES;
				GCC_PREFIX_HEADER = "Sandbox/Sandbox-Prefix.pch";
				INFOPLIST_FILE = "Sandbox/Sandbox-Info.plist";
				IPHONEOS_DEPLOYMENT_TARGET = 8.0;
				LD_RUNPATH_SEARCH_PATHS = "$(inherited) @executable_path/Frameworks";
				PRODUCT_BUNDLE_IDENTIFIER = "com.eurekavalleyco.development.$(PRODUCT_NAME:rfc1034identifier)";
				PRODUCT_NAME = Sandbox;
				PROVISIONING_PROFILE = "";
				SWIFT_OBJC_BRIDGING_HEADER = "Sandbox/Sandbox-Bridging-Header.h";
				TARGETED_DEVICE_FAMILY = "1,2";
				WRAPPER_EXTENSION = app;
			};
			name = Release;
		};
/* End XCBuildConfiguration section */

/* Begin XCConfigurationList section */
		7D4278191551865D000240A5 /* Build configuration list for PBXProject "Sandbox" */ = {
			isa = XCConfigurationList;
			buildConfigurations = (
				7D42783B1551865E000240A5 /* Debug */,
				7D42783C1551865E000240A5 /* Release */,
			);
			defaultConfigurationIsVisible = 0;
			defaultConfigurationName = Release;
		};
		7D42783D1551865E000240A5 /* Build configuration list for PBXNativeTarget "Sandbox" */ = {
			isa = XCConfigurationList;
			buildConfigurations = (
				7D42783E1551865E000240A5 /* Debug */,
				7D42783F1551865E000240A5 /* Release */,
			);
			defaultConfigurationIsVisible = 0;
			defaultConfigurationName = Release;
		};
/* End XCConfigurationList section */
	};
	rootObject = 7D4278161551865D000240A5 /* Project object */;
}
