// !$*UTF8*$!
{
	archiveVersion = 1;
	classes = {
	};
	objectVersion = 46;
	objects = {

/* Begin PBXBuildFile section */
		1F175CFC1C11F2DA008BF1D9 /* AKDebuggerRules.m in Sources */ = {isa = PBXBuildFile; fileRef = 1F175CFB1C11F2DA008BF1D9 /* AKDebuggerRules.m */; };
		1F3A982B1C11EA720074246B /* SandboxViewController.m in Sources */ = {isa = PBXBuildFile; fileRef = 1F3A982A1C11EA720074246B /* SandboxViewController.m */; };
		1FCB7581180F46BC005BE376 /* AKDebugger.m in Sources */ = {isa = PBXBuildFile; fileRef = 1FCB7580180F46BC005BE376 /* AKDebugger.m */; };
		1FD4DBF71C03897700EC3601 /* SystemInfo.m in Sources */ = {isa = PBXBuildFile; fileRef = 1FD4DBF61C03897700EC3601 /* SystemInfo.m */; };
		1FECF6171B080BB10021D883 /* AKGenerics.m in Sources */ = {isa = PBXBuildFile; fileRef = 1FECF6161B080BB10021D883 /* AKGenerics.m */; };
		3E3B83534210E46EEBC8C241 /* libPods.a in Frameworks */ = {isa = PBXBuildFile; fileRef = 6169974FCD325BFD41A1AF08 /* libPods.a */; };
		7D10BDF0160654FE00416C66 /* Default-568h@2x.png in Resources */ = {isa = PBXBuildFile; fileRef = 7D10BDEF160654FE00416C66 /* Default-568h@2x.png */; };
		7D42782E1551865E000240A5 /* InfoPlist.strings in Resources */ = {isa = PBXBuildFile; fileRef = 7D42782C1551865E000240A5 /* InfoPlist.strings */; };
		7D4278301551865E000240A5 /* main.m in Sources */ = {isa = PBXBuildFile; fileRef = 7D42782F1551865E000240A5 /* main.m */; };
		7D4278341551865E000240A5 /* SandboxAppDelegate.m in Sources */ = {isa = PBXBuildFile; fileRef = 7D4278331551865E000240A5 /* SandboxAppDelegate.m */; };
		7D4278371551865E000240A5 /* Sandbox.storyboard in Resources */ = {isa = PBXBuildFile; fileRef = 7D4278351551865E000240A5 /* Sandbox.storyboard */; };
		7D66AE301B69769E00105E61 /* Launch Screen.xib in Resources */ = {isa = PBXBuildFile; fileRef = 7D66AE2F1B69769E00105E61 /* Launch Screen.xib */; };
/* End PBXBuildFile section */

/* Begin PBXFileReference section */
		1F175CFA1C11F2DA008BF1D9 /* AKDebuggerRules.h */ = {isa = PBXFileReference; fileEncoding = 4; lastKnownFileType = sourcecode.c.h; path = AKDebuggerRules.h; sourceTree = "<group>"; };
		1F175CFB1C11F2DA008BF1D9 /* AKDebuggerRules.m */ = {isa = PBXFileReference; fileEncoding = 4; lastKnownFileType = sourcecode.c.objc; path = AKDebuggerRules.m; sourceTree = "<group>"; };
		1F3A98291C11EA720074246B /* SandboxViewController.h */ = {isa = PBXFileReference; fileEncoding = 4; lastKnownFileType = sourcecode.c.h; path = SandboxViewController.h; sourceTree = "<group>"; };
		1F3A982A1C11EA720074246B /* SandboxViewController.m */ = {isa = PBXFileReference; fileEncoding = 4; lastKnownFileType = sourcecode.c.objc; path = SandboxViewController.m; sourceTree = "<group>"; };
		1FCB757F180F46BC005BE376 /* AKDebugger.h */ = {isa = PBXFileReference; fileEncoding = 4; lastKnownFileType = sourcecode.c.h; name = AKDebugger.h; path = ../../AKDebugger/AKDebugger.h; sourceTree = "<group>"; };
		1FCB7580180F46BC005BE376 /* AKDebugger.m */ = {isa = PBXFileReference; fileEncoding = 4; lastKnownFileType = sourcecode.c.objc; name = AKDebugger.m; path = ../../AKDebugger/AKDebugger.m; sourceTree = "<group>"; };
		1FD4DBF51C03897700EC3601 /* SystemInfo.h */ = {isa = PBXFileReference; fileEncoding = 4; lastKnownFileType = sourcecode.c.h; name = SystemInfo.h; path = ../../SystemInfo/SystemInfo.h; sourceTree = "<group>"; };
		1FD4DBF61C03897700EC3601 /* SystemInfo.m */ = {isa = PBXFileReference; fileEncoding = 4; lastKnownFileType = sourcecode.c.objc; name = SystemInfo.m; path = ../../SystemInfo/SystemInfo.m; sourceTree = "<group>"; };
		1FECF6151B080BB10021D883 /* AKGenerics.h */ = {isa = PBXFileReference; fileEncoding = 4; lastKnownFileType = sourcecode.c.h; name = AKGenerics.h; path = ../../AKGenerics/AKGenerics.h; sourceTree = "<group>"; };
		1FECF6161B080BB10021D883 /* AKGenerics.m */ = {isa = PBXFileReference; fileEncoding = 4; lastKnownFileType = sourcecode.c.objc; name = AKGenerics.m; path = ../../AKGenerics/AKGenerics.m; sourceTree = "<group>"; };
		6169974FCD325BFD41A1AF08 /* libPods.a */ = {isa = PBXFileReference; explicitFileType = archive.ar; includeInIndex = 0; path = libPods.a; sourceTree = BUILT_PRODUCTS_DIR; };
		72C47DEBECD433305593768F /* Pods.debug.xcconfig */ = {isa = PBXFileReference; includeInIndex = 1; lastKnownFileType = text.xcconfig; name = Pods.debug.xcconfig; path = "Pods/Target Support Files/Pods/Pods.debug.xcconfig"; sourceTree = "<group>"; };
		7D10BDEF160654FE00416C66 /* Default-568h@2x.png */ = {isa = PBXFileReference; lastKnownFileType = image.png; path = "Default-568h@2x.png"; sourceTree = "<group>"; };
		7D42781F1551865E000240A5 /* Sandbox.app */ = {isa = PBXFileReference; explicitFileType = wrapper.application; includeInIndex = 0; path = Sandbox.app; sourceTree = BUILT_PRODUCTS_DIR; };
		7D42782B1551865E000240A5 /* Sandbox-Info.plist */ = {isa = PBXFileReference; lastKnownFileType = text.plist.xml; path = "Sandbox-Info.plist"; sourceTree = "<group>"; };
		7D42782D1551865E000240A5 /* en */ = {isa = PBXFileReference; lastKnownFileType = text.plist.strings; name = en; path = en.lproj/InfoPlist.strings; sourceTree = "<group>"; };
		7D42782F1551865E000240A5 /* main.m */ = {isa = PBXFileReference; lastKnownFileType = sourcecode.c.objc; path = main.m; sourceTree = "<group>"; };
		7D4278311551865E000240A5 /* Sandbox-Prefix.pch */ = {isa = PBXFileReference; lastKnownFileType = sourcecode.c.h; path = "Sandbox-Prefix.pch"; sourceTree = "<group>"; };
		7D4278321551865E000240A5 /* SandboxAppDelegate.h */ = {isa = PBXFileReference; lastKnownFileType = sourcecode.c.h; path = SandboxAppDelegate.h; sourceTree = "<group>"; };
		7D4278331551865E000240A5 /* SandboxAppDelegate.m */ = {isa = PBXFileReference; lastKnownFileType = sourcecode.c.objc; path = SandboxAppDelegate.m; sourceTree = "<group>"; };
		7D4278361551865E000240A5 /* en */ = {isa = PBXFileReference; lastKnownFileType = file.storyboard; name = en; path = en.lproj/Sandbox.storyboard; sourceTree = "<group>"; };
		7D66AE2F1B69769E00105E61 /* Launch Screen.xib */ = {isa = PBXFileReference; fileEncoding = 4; lastKnownFileType = file.xib; path = "Launch Screen.xib"; sourceTree = "<group>"; };
		FA78466A5B01A4D49F43056D /* Pods.release.xcconfig */ = {isa = PBXFileReference; includeInIndex = 1; lastKnownFileType = text.xcconfig; name = Pods.release.xcconfig; path = "Pods/Target Support Files/Pods/Pods.release.xcconfig"; sourceTree = "<group>"; };
/* End PBXFileReference section */

/* Begin PBXFrameworksBuildPhase section */
		7D42781C1551865E000240A5 /* Frameworks */ = {
			isa = PBXFrameworksBuildPhase;
			buildActionMask = 2147483647;
			files = (
				3E3B83534210E46EEBC8C241 /* libPods.a in Frameworks */,
			);
			runOnlyForDeploymentPostprocessing = 0;
		};
/* End PBXFrameworksBuildPhase section */

/* Begin PBXGroup section */
		11A1AAF9C4C876732EEBD85F /* Pods */ = {
			isa = PBXGroup;
			children = (
				72C47DEBECD433305593768F /* Pods.debug.xcconfig */,
				FA78466A5B01A4D49F43056D /* Pods.release.xcconfig */,
			);
			name = Pods;
			sourceTree = "<group>";
		};
		1F175CFD1C11F2DF008BF1D9 /* AKDebuggerRules */ = {
			isa = PBXGroup;
			children = (
				1F175CFA1C11F2DA008BF1D9 /* AKDebuggerRules.h */,
				1F175CFB1C11F2DA008BF1D9 /* AKDebuggerRules.m */,
			);
			name = AKDebuggerRules;
			sourceTree = "<group>";
		};
		1F3A982C1C11EA760074246B /* SandboxViewController */ = {
			isa = PBXGroup;
			children = (
				1F3A98291C11EA720074246B /* SandboxViewController.h */,
				1F3A982A1C11EA720074246B /* SandboxViewController.m */,
			);
			name = SandboxViewController;
			sourceTree = "<group>";
		};
		1FCB7582180F46D3005BE376 /* AKDebugger */ = {
			isa = PBXGroup;
			children = (
				1FCB757F180F46BC005BE376 /* AKDebugger.h */,
				1FCB7580180F46BC005BE376 /* AKDebugger.m */,
			);
			name = AKDebugger;
			sourceTree = "<group>";
		};
		1FEB6EED1A4C04D60049AFDD /* SystemInfo */ = {
			isa = PBXGroup;
			children = (
				1FD4DBF51C03897700EC3601 /* SystemInfo.h */,
				1FD4DBF61C03897700EC3601 /* SystemInfo.m */,
			);
			name = SystemInfo;
			sourceTree = "<group>";
		};
		1FECF6181B080BB40021D883 /* AKGenerics */ = {
			isa = PBXGroup;
			children = (
				1FECF6151B080BB10021D883 /* AKGenerics.h */,
				1FECF6161B080BB10021D883 /* AKGenerics.m */,
			);
			name = AKGenerics;
			sourceTree = "<group>";
		};
		7D4278141551865D000240A5 = {
			isa = PBXGroup;
			children = (
				7D66AE2E1B694E3500105E61 /* IMPORTED */,
				7D4278221551865E000240A5 /* FRAMEWORKS */,
				7D4278291551865E000240A5 /* Sandbox */,
				7D4278201551865E000240A5 /* Products */,
				11A1AAF9C4C876732EEBD85F /* Pods */,
			);
			sourceTree = "<group>";
		};
		7D4278201551865E000240A5 /* Products */ = {
			isa = PBXGroup;
			children = (
				7D42781F1551865E000240A5 /* Sandbox.app */,
			);
			name = Products;
			sourceTree = "<group>";
		};
		7D4278221551865E000240A5 /* FRAMEWORKS */ = {
			isa = PBXGroup;
			children = (
				6169974FCD325BFD41A1AF08 /* libPods.a */,
			);
			name = FRAMEWORKS;
			sourceTree = "<group>";
		};
		7D4278291551865E000240A5 /* Sandbox */ = {
			isa = PBXGroup;
			children = (
				1F175CFD1C11F2DF008BF1D9 /* AKDebuggerRules */,
				7D66AE331B6976C000105E61 /* ASSETS */,
				7D4278321551865E000240A5 /* SandboxAppDelegate.h */,
				7D4278331551865E000240A5 /* SandboxAppDelegate.m */,
				7D4278351551865E000240A5 /* Sandbox.storyboard */,
				7D66AF271B74F73E00105E61 /* View Controllers */,
				7D42782A1551865E000240A5 /* Supporting Files */,
			);
			path = Sandbox;
			sourceTree = "<group>";
		};
		7D42782A1551865E000240A5 /* Supporting Files */ = {
			isa = PBXGroup;
			children = (
				7D42782B1551865E000240A5 /* Sandbox-Info.plist */,
				7D42782C1551865E000240A5 /* InfoPlist.strings */,
				7D42782F1551865E000240A5 /* main.m */,
				7D4278311551865E000240A5 /* Sandbox-Prefix.pch */,
			);
			name = "Supporting Files";
			sourceTree = "<group>";
		};
		7D66AE2E1B694E3500105E61 /* IMPORTED */ = {
			isa = PBXGroup;
			children = (
				1FCB7582180F46D3005BE376 /* AKDebugger */,
				1FEB6EED1A4C04D60049AFDD /* SystemInfo */,
				1FECF6181B080BB40021D883 /* AKGenerics */,
			);
			name = IMPORTED;
			path = Sandbox;
			sourceTree = "<group>";
		};
		7D66AE331B6976C000105E61 /* ASSETS */ = {
			isa = PBXGroup;
			children = (
				7D10BDEF160654FE00416C66 /* Default-568h@2x.png */,
				7D66AE2F1B69769E00105E61 /* Launch Screen.xib */,
			);
			name = ASSETS;
			sourceTree = "<group>";
		};
		7D66AF271B74F73E00105E61 /* View Controllers */ = {
			isa = PBXGroup;
			children = (
				1F3A982C1C11EA760074246B /* SandboxViewController */,
			);
			name = "View Controllers";
			sourceTree = "<group>";
		};
/* End PBXGroup section */

/* Begin PBXNativeTarget section */
		7D42781E1551865E000240A5 /* Sandbox */ = {
			isa = PBXNativeTarget;
			buildConfigurationList = 7D42783D1551865E000240A5 /* Build configuration list for PBXNativeTarget "Sandbox" */;
			buildPhases = (
				06F256CC601E1BC05AA5A7F7 /* Check Pods Manifest.lock */,
				7D42781B1551865E000240A5 /* Sources */,
				7D42781C1551865E000240A5 /* Frameworks */,
				7D42781D1551865E000240A5 /* Resources */,
				11C4A25C8A09D9E7D173E7B6 /* Embed Pods Frameworks */,
				7E29D98E9450C771820F2065 /* Copy Pods Resources */,
			);
			buildRules = (
			);
			dependencies = (
			);
			name = Sandbox;
			productName = Sandbox;
			productReference = 7D42781F1551865E000240A5 /* Sandbox.app */;
			productType = "com.apple.product-type.application";
		};
/* End PBXNativeTarget section */

/* Begin PBXProject section */
		7D4278161551865D000240A5 /* Project object */ = {
			isa = PBXProject;
			attributes = {
				CLASSPREFIX = Sandbox;
				LastUpgradeCheck = 0710;
				ORGANIZATIONNAME = MCMDI;
				TargetAttributes = {
					7D42781E1551865E000240A5 = {
						DevelopmentTeam = 2D5JKD3JJW;
					};
				};
			};
			buildConfigurationList = 7D4278191551865D000240A5 /* Build configuration list for PBXProject "Sandbox" */;
			compatibilityVersion = "Xcode 3.2";
			developmentRegion = English;
			hasScannedForEncodings = 0;
			knownRegions = (
				en,
			);
			mainGroup = 7D4278141551865D000240A5;
			productRefGroup = 7D4278201551865E000240A5 /* Products */;
			projectDirPath = "";
			projectRoot = "";
			targets = (
				7D42781E1551865E000240A5 /* Sandbox */,
			);
		};
/* End PBXProject section */

/* Begin PBXResourcesBuildPhase section */
		7D42781D1551865E000240A5 /* Resources */ = {
			isa = PBXResourcesBuildPhase;
			buildActionMask = 2147483647;
			files = (
				7D42782E1551865E000240A5 /* InfoPlist.strings in Resources */,
				7D4278371551865E000240A5 /* Sandbox.storyboard in Resources */,
				7D66AE301B69769E00105E61 /* Launch Screen.xib in Resources */,
				7D10BDF0160654FE00416C66 /* Default-568h@2x.png in Resources */,
			);
			runOnlyForDeploymentPostprocessing = 0;
		};
/* End PBXResourcesBuildPhase section */

/* Begin PBXShellScriptBuildPhase section */
		06F256CC601E1BC05AA5A7F7 /* Check Pods Manifest.lock */ = {
			isa = PBXShellScriptBuildPhase;
			buildActionMask = 2147483647;
			files = (
			);
			inputPaths = (
			);
			name = "Check Pods Manifest.lock";
			outputPaths = (
			);
			runOnlyForDeploymentPostprocessing = 0;
			shellPath = /bin/sh;
			shellScript = "diff \"${PODS_ROOT}/../Podfile.lock\" \"${PODS_ROOT}/Manifest.lock\" > /dev/null\nif [[ $? != 0 ]] ; then\n    cat << EOM\nerror: The sandbox is not in sync with the Podfile.lock. Run 'pod install' or update your CocoaPods installation.\nEOM\n    exit 1\nfi\n";
			showEnvVarsInLog = 0;
		};
		11C4A25C8A09D9E7D173E7B6 /* Embed Pods Frameworks */ = {
			isa = PBXShellScriptBuildPhase;
			buildActionMask = 2147483647;
			files = (
			);
			inputPaths = (
			);
			name = "Embed Pods Frameworks";
			outputPaths = (
			);
			runOnlyForDeploymentPostprocessing = 0;
			shellPath = /bin/sh;
			shellScript = "\"${SRCROOT}/Pods/Target Support Files/Pods/Pods-frameworks.sh\"\n";
			showEnvVarsInLog = 0;
		};
		7E29D98E9450C771820F2065 /* Copy Pods Resources */ = {
			isa = PBXShellScriptBuildPhase;
			buildActionMask = 2147483647;
			files = (
			);
			inputPaths = (
			);
			name = "Copy Pods Resources";
			outputPaths = (
			);
			runOnlyForDeploymentPostprocessing = 0;
			shellPath = /bin/sh;
			shellScript = "\"${SRCROOT}/Pods/Target Support Files/Pods/Pods-resources.sh\"\n";
			showEnvVarsInLog = 0;
		};
/* End PBXShellScriptBuildPhase section */

/* Begin PBXSourcesBuildPhase section */
		7D42781B1551865E000240A5 /* Sources */ = {
			isa = PBXSourcesBuildPhase;
			buildActionMask = 2147483647;
			files = (
				7D4278301551865E000240A5 /* main.m in Sources */,
				1FECF6171B080BB10021D883 /* AKGenerics.m in Sources */,
				7D4278341551865E000240A5 /* SandboxAppDelegate.m in Sources */,
				1FD4DBF71C03897700EC3601 /* SystemInfo.m in Sources */,
				1FCB7581180F46BC005BE376 /* AKDebugger.m in Sources */,
				1F175CFC1C11F2DA008BF1D9 /* AKDebuggerRules.m in Sources */,
				1F3A982B1C11EA720074246B /* SandboxViewController.m in Sources */,
			);
			runOnlyForDeploymentPostprocessing = 0;
		};
/* End PBXSourcesBuildPhase section */

/* Begin PBXVariantGroup section */
		7D42782C1551865E000240A5 /* InfoPlist.strings */ = {
			isa = PBXVariantGroup;
			children = (
				7D42782D1551865E000240A5 /* en */,
			);
			name = InfoPlist.strings;
			sourceTree = "<group>";
		};
		7D4278351551865E000240A5 /* Sandbox.storyboard */ = {
			isa = PBXVariantGroup;
			children = (
				7D4278361551865E000240A5 /* en */,
			);
			name = Sandbox.storyboard;
			sourceTree = "<group>";
		};
/* End PBXVariantGroup section */

/* Begin XCBuildConfiguration section */
		7D42783B1551865E000240A5 /* Debug */ = {
			isa = XCBuildConfiguration;
			buildSettings = {
				ALWAYS_SEARCH_USER_PATHS = NO;
				CLANG_ENABLE_OBJC_ARC = YES;
				CLANG_WARN_BOOL_CONVERSION = YES;
				CLANG_WARN_CONSTANT_CONVERSION = YES;
				CLANG_WARN_DEPRECATED_OBJC_IMPLEMENTATIONS = YES;
				CLANG_WARN_EMPTY_BODY = YES;
				CLANG_WARN_ENUM_CONVERSION = YES;
				CLANG_WARN_INT_CONVERSION = YES;
				CLANG_WARN_UNREACHABLE_CODE = YES;
				CLANG_WARN__DUPLICATE_METHOD_MATCH = YES;
				"CODE_SIGN_IDENTITY[sdk=iphoneos*]" = "iPhone Developer";
				COPY_PHASE_STRIP = NO;
				ENABLE_STRICT_OBJC_MSGSEND = YES;
				ENABLE_TESTABILITY = YES;
				GCC_C_LANGUAGE_STANDARD = gnu99;
				GCC_DYNAMIC_NO_PIC = NO;
				GCC_NO_COMMON_BLOCKS = YES;
				GCC_OPTIMIZATION_LEVEL = 0;
				GCC_PREPROCESSOR_DEFINITIONS = (
					"DEBUG=1",
					"$(inherited)",
				);
				GCC_SYMBOLS_PRIVATE_EXTERN = NO;
				GCC_VERSION = com.apple.compilers.llvm.clang.1_0;
				GCC_WARN_64_TO_32_BIT_CONVERSION = YES;
				GCC_WARN_ABOUT_RETURN_TYPE = YES;
				GCC_WARN_UNDECLARED_SELECTOR = YES;
				GCC_WARN_UNINITIALIZED_AUTOS = YES;
				GCC_WARN_UNUSED_FUNCTION = YES;
				GCC_WARN_UNUSED_VARIABLE = YES;
				IPHONEOS_DEPLOYMENT_TARGET = 8.0;
				ONLY_ACTIVE_ARCH = YES;
				PROVISIONING_PROFILE = "b4a54fce-3907-4fcb-bc5b-5bf81263db51";
				SDKROOT = iphoneos;
			};
			name = Debug;
		};
		7D42783C1551865E000240A5 /* Release */ = {
			isa = XCBuildConfiguration;
			buildSettings = {
				ALWAYS_SEARCH_USER_PATHS = NO;
				CLANG_ENABLE_OBJC_ARC = YES;
				CLANG_WARN_BOOL_CONVERSION = YES;
				CLANG_WARN_CONSTANT_CONVERSION = YES;
				CLANG_WARN_DEPRECATED_OBJC_IMPLEMENTATIONS = YES;
				CLANG_WARN_EMPTY_BODY = YES;
				CLANG_WARN_ENUM_CONVERSION = YES;
				CLANG_WARN_INT_CONVERSION = YES;
				CLANG_WARN_UNREACHABLE_CODE = YES;
				CLANG_WARN__DUPLICATE_METHOD_MATCH = YES;
				"CODE_SIGN_IDENTITY[sdk=iphoneos*]" = "iPhone Developer";
				COPY_PHASE_STRIP = YES;
				ENABLE_STRICT_OBJC_MSGSEND = YES;
				GCC_C_LANGUAGE_STANDARD = gnu99;
				GCC_NO_COMMON_BLOCKS = YES;
				GCC_VERSION = com.apple.compilers.llvm.clang.1_0;
				GCC_WARN_64_TO_32_BIT_CONVERSION = YES;
				GCC_WARN_ABOUT_RETURN_TYPE = YES;
				GCC_WARN_UNDECLARED_SELECTOR = YES;
				GCC_WARN_UNINITIALIZED_AUTOS = YES;
				GCC_WARN_UNUSED_FUNCTION = YES;
				GCC_WARN_UNUSED_VARIABLE = YES;
				IPHONEOS_DEPLOYMENT_TARGET = 8.0;
				OTHER_CFLAGS = "-DNS_BLOCK_ASSERTIONS=1";
				PROVISIONING_PROFILE = "b4a54fce-3907-4fcb-bc5b-5bf81263db51";
				SDKROOT = iphoneos;
				VALIDATE_PRODUCT = YES;
			};
			name = Release;
		};
		7D42783E1551865E000240A5 /* Debug */ = {
			isa = XCBuildConfiguration;
			baseConfigurationReference = 72C47DEBECD433305593768F /* Pods.debug.xcconfig */;
			buildSettings = {
				CODE_SIGN_IDENTITY = "iPhone Developer";
				"CODE_SIGN_IDENTITY[sdk=iphoneos*]" = "iPhone Developer";
				FRAMEWORK_SEARCH_PATHS = "$(PROJECT_DIR)";
				GCC_PRECOMPILE_PREFIX_HEADER = YES;
				GCC_PREFIX_HEADER = "Sandbox/Sandbox-Prefix.pch";
				INFOPLIST_FILE = "Sandbox/Sandbox-Info.plist";
				IPHONEOS_DEPLOYMENT_TARGET = 8.0;
				PRODUCT_BUNDLE_IDENTIFIER = "com.eurekavalleyco.development.$(PRODUCT_NAME:rfc1034identifier)";
				PRODUCT_NAME = Sandbox;
				PROVISIONING_PROFILE = "";
				TARGETED_DEVICE_FAMILY = "1,2";
				WRAPPER_EXTENSION = app;
			};
			name = Debug;
		};
		7D42783F1551865E000240A5 /* Release */ = {
			isa = XCBuildConfiguration;
			baseConfigurationReference = FA78466A5B01A4D49F43056D /* Pods.release.xcconfig */;
			buildSettings = {
				CODE_SIGN_IDENTITY = "iPhone Developer";
				"CODE_SIGN_IDENTITY[sdk=iphoneos*]" = "iPhone Developer";
				FRAMEWORK_SEARCH_PATHS = "$(PROJECT_DIR)";
				GCC_PRECOMPILE_PREFIX_HEADER = YES;
				GCC_PREFIX_HEADER = "Sandbox/Sandbox-Prefix.pch";
				INFOPLIST_FILE = "Sandbox/Sandbox-Info.plist";
				IPHONEOS_DEPLOYMENT_TARGET = 8.0;
				PRODUCT_BUNDLE_IDENTIFIER = "com.eurekavalleyco.development.$(PRODUCT_NAME:rfc1034identifier)";
				PRODUCT_NAME = Sandbox;
				PROVISIONING_PROFILE = "";
				TARGETED_DEVICE_FAMILY = "1,2";
				WRAPPER_EXTENSION = app;
			};
			name = Release;
		};
/* End XCBuildConfiguration section */

/* Begin XCConfigurationList section */
		7D4278191551865D000240A5 /* Build configuration list for PBXProject "Sandbox" */ = {
			isa = XCConfigurationList;
			buildConfigurations = (
				7D42783B1551865E000240A5 /* Debug */,
				7D42783C1551865E000240A5 /* Release */,
			);
			defaultConfigurationIsVisible = 0;
			defaultConfigurationName = Release;
		};
		7D42783D1551865E000240A5 /* Build configuration list for PBXNativeTarget "Sandbox" */ = {
			isa = XCConfigurationList;
			buildConfigurations = (
				7D42783E1551865E000240A5 /* Debug */,
				7D42783F1551865E000240A5 /* Release */,
			);
			defaultConfigurationIsVisible = 0;
			defaultConfigurationName = Release;
		};
/* End XCConfigurationList section */
	};
	rootObject = 7D4278161551865D000240A5 /* Project object */;
}
