// !$*UTF8*$!
{
	archiveVersion = 1;
	classes = {
	};
	objectVersion = 46;
	objects = {

/* Begin PBXBuildFile section */
		0D0FFABF458E6035F5BF095E /* libPods.a in Frameworks */ = {isa = PBXBuildFile; fileRef = 73B5602FF0F1B253E66B2ED6 /* libPods.a */; };
		1F11C85E1B5034BC0031B985 /* Bolts.framework in Frameworks */ = {isa = PBXBuildFile; fileRef = 1F11C85C1B5034BC0031B985 /* Bolts.framework */; };
		1F11C85F1B5034BC0031B985 /* Parse.framework in Frameworks */ = {isa = PBXBuildFile; fileRef = 1F11C85D1B5034BC0031B985 /* Parse.framework */; };
		1F11C8661B505AA80031B985 /* AKSwitchView.m in Sources */ = {isa = PBXBuildFile; fileRef = 1F11C8651B505AA80031B985 /* AKSwitchView.m */; };
		1F11C8681B505ABF0031B985 /* AKSwitchView.xib in Resources */ = {isa = PBXBuildFile; fileRef = 1F11C8671B505ABF0031B985 /* AKSwitchView.xib */; };
		1F11C86B1B50DE680031B985 /* AlertSwitchViewController.m in Sources */ = {isa = PBXBuildFile; fileRef = 1F11C86A1B50DE680031B985 /* AlertSwitchViewController.m */; };
		1FA2480A183CEBE500351015 /* TableViewController.m in Sources */ = {isa = PBXBuildFile; fileRef = 1FA24809183CEBE500351015 /* TableViewController.m */; };
		1FCB7581180F46BC005BE376 /* AKDebugger.m in Sources */ = {isa = PBXBuildFile; fileRef = 1FCB7580180F46BC005BE376 /* AKDebugger.m */; };
		1FEB6EE91A4BFFB70049AFDD /* AKDebuggerRules.m in Sources */ = {isa = PBXBuildFile; fileRef = 1FEB6EE81A4BFFB70049AFDD /* AKDebuggerRules.m */; };
		1FEB6EF41A4C0BFC0049AFDD /* CoreDataController.m in Sources */ = {isa = PBXBuildFile; fileRef = 1FEB6EEF1A4C0BFC0049AFDD /* CoreDataController.m */; };
		1FEB6EF61A4C0BFC0049AFDD /* DataManager.m in Sources */ = {isa = PBXBuildFile; fileRef = 1FEB6EF31A4C0BFC0049AFDD /* DataManager.m */; };
		1FEB6EF91A4C0CD70049AFDD /* AKPrivateInfo.m in Sources */ = {isa = PBXBuildFile; fileRef = 1FEB6EF81A4C0CD70049AFDD /* AKPrivateInfo.m */; };
		1FEB6F061A4E76950049AFDD /* Message.m in Sources */ = {isa = PBXBuildFile; fileRef = 1FEB6F051A4E76950049AFDD /* Message.m */; };
		1FEB6F0C1A4F9F520049AFDD /* UIAlertController+Info.m in Sources */ = {isa = PBXBuildFile; fileRef = 1FEB6F0B1A4F9F520049AFDD /* UIAlertController+Info.m */; };
		1FECF6101B080B600021D883 /* CoreDataModel.xcdatamodeld in Sources */ = {isa = PBXBuildFile; fileRef = 1FECF60E1B080B600021D883 /* CoreDataModel.xcdatamodeld */; };
		1FECF6171B080BB10021D883 /* AKGenerics.m in Sources */ = {isa = PBXBuildFile; fileRef = 1FECF6161B080BB10021D883 /* AKGenerics.m */; };
		7D10BDF0160654FE00416C66 /* Default-568h@2x.png in Resources */ = {isa = PBXBuildFile; fileRef = 7D10BDEF160654FE00416C66 /* Default-568h@2x.png */; };
		7D3AC9F316691B5A00594015 /* ViewController.m in Sources */ = {isa = PBXBuildFile; fileRef = 7D3AC9F216691B5A00594015 /* ViewController.m */; };
		7D4278241551865E000240A5 /* UIKit.framework in Frameworks */ = {isa = PBXBuildFile; fileRef = 7D4278231551865E000240A5 /* UIKit.framework */; };
		7D4278261551865E000240A5 /* Foundation.framework in Frameworks */ = {isa = PBXBuildFile; fileRef = 7D4278251551865E000240A5 /* Foundation.framework */; };
		7D4278281551865E000240A5 /* CoreGraphics.framework in Frameworks */ = {isa = PBXBuildFile; fileRef = 7D4278271551865E000240A5 /* CoreGraphics.framework */; };
		7D42782E1551865E000240A5 /* InfoPlist.strings in Resources */ = {isa = PBXBuildFile; fileRef = 7D42782C1551865E000240A5 /* InfoPlist.strings */; };
		7D4278301551865E000240A5 /* main.m in Sources */ = {isa = PBXBuildFile; fileRef = 7D42782F1551865E000240A5 /* main.m */; };
		7D4278341551865E000240A5 /* SandboxAppDelegate.m in Sources */ = {isa = PBXBuildFile; fileRef = 7D4278331551865E000240A5 /* SandboxAppDelegate.m */; };
		7D4278371551865E000240A5 /* Sandbox.storyboard in Resources */ = {isa = PBXBuildFile; fileRef = 7D4278351551865E000240A5 /* Sandbox.storyboard */; };
		7D66AE301B69769E00105E61 /* Launch Screen.xib in Resources */ = {isa = PBXBuildFile; fileRef = 7D66AE2F1B69769E00105E61 /* Launch Screen.xib */; };
		7D66AE321B6976BA00105E61 /* Media.xcassets in Resources */ = {isa = PBXBuildFile; fileRef = 7D66AE311B6976BA00105E61 /* Media.xcassets */; };
		7D9513C71B0A86D900E508E8 /* AudioToolbox.framework in Frameworks */ = {isa = PBXBuildFile; fileRef = 7D9513C61B0A86D900E508E8 /* AudioToolbox.framework */; };
		7D9513C91B0A86E000E508E8 /* CFNetwork.framework in Frameworks */ = {isa = PBXBuildFile; fileRef = 7D9513C81B0A86E000E508E8 /* CFNetwork.framework */; };
		7D9513CB1B0A86E900E508E8 /* CoreLocation.framework in Frameworks */ = {isa = PBXBuildFile; fileRef = 7D9513CA1B0A86E900E508E8 /* CoreLocation.framework */; };
		7D9513CD1B0A86F400E508E8 /* MobileCoreServices.framework in Frameworks */ = {isa = PBXBuildFile; fileRef = 7D9513CC1B0A86F400E508E8 /* MobileCoreServices.framework */; };
		7D9513CF1B0A86FD00E508E8 /* Security.framework in Frameworks */ = {isa = PBXBuildFile; fileRef = 7D9513CE1B0A86FD00E508E8 /* Security.framework */; };
		7D9513D11B0A870500E508E8 /* StoreKit.framework in Frameworks */ = {isa = PBXBuildFile; fileRef = 7D9513D01B0A870500E508E8 /* StoreKit.framework */; };
		7D9513D31B0A872500E508E8 /* SystemConfiguration.framework in Frameworks */ = {isa = PBXBuildFile; fileRef = 7D9513D21B0A872500E508E8 /* SystemConfiguration.framework */; };
		7D9513D51B0A872E00E508E8 /* libz.dylib in Frameworks */ = {isa = PBXBuildFile; fileRef = 7D9513D41B0A872E00E508E8 /* libz.dylib */; };
		7D9513D71B0A873800E508E8 /* libsqlite3.dylib in Frameworks */ = {isa = PBXBuildFile; fileRef = 7D9513D61B0A873800E508E8 /* libsqlite3.dylib */; };
		7D9513D91B0A874600E508E8 /* Accounts.framework in Frameworks */ = {isa = PBXBuildFile; fileRef = 7D9513D81B0A874600E508E8 /* Accounts.framework */; };
		7D9513DB1B0A874B00E508E8 /* Social.framework in Frameworks */ = {isa = PBXBuildFile; fileRef = 7D9513DA1B0A874B00E508E8 /* Social.framework */; };
		7DB435671B12516F00BAA7A2 /* AKSystemInfo.m in Sources */ = {isa = PBXBuildFile; fileRef = 7DB435661B12516F00BAA7A2 /* AKSystemInfo.m */; };
		7DB435701B13626B00BAA7A2 /* AlertTableViewController.m in Sources */ = {isa = PBXBuildFile; fileRef = 7DB4356C1B13626B00BAA7A2 /* AlertTableViewController.m */; };
		7DD538A6158C100800E63E29 /* QuartzCore.framework in Frameworks */ = {isa = PBXBuildFile; fileRef = 7DD538A5158C100800E63E29 /* QuartzCore.framework */; };
		7DDA096A1B17E69600157479 /* syncview_check.png in Resources */ = {isa = PBXBuildFile; fileRef = 7DDA09601B17E69600157479 /* syncview_check.png */; };
		7DDA096B1B17E69600157479 /* syncview_check@2x.png in Resources */ = {isa = PBXBuildFile; fileRef = 7DDA09611B17E69600157479 /* syncview_check@2x.png */; };
		7DDA096C1B17E69600157479 /* syncview_exclamation.png in Resources */ = {isa = PBXBuildFile; fileRef = 7DDA09621B17E69600157479 /* syncview_exclamation.png */; };
		7DDA096D1B17E69600157479 /* syncview_exclamation@2x.png in Resources */ = {isa = PBXBuildFile; fileRef = 7DDA09631B17E69600157479 /* syncview_exclamation@2x.png */; };
		7DDA096E1B17E69600157479 /* syncview_question.png in Resources */ = {isa = PBXBuildFile; fileRef = 7DDA09641B17E69600157479 /* syncview_question.png */; };
		7DDA096F1B17E69600157479 /* syncview_question@2x.png in Resources */ = {isa = PBXBuildFile; fileRef = 7DDA09651B17E69600157479 /* syncview_question@2x.png */; };
		7DDA09701B17E69600157479 /* syncview_x.png in Resources */ = {isa = PBXBuildFile; fileRef = 7DDA09661B17E69600157479 /* syncview_x.png */; };
		7DDA09711B17E69600157479 /* syncview_x@2x.png in Resources */ = {isa = PBXBuildFile; fileRef = 7DDA09671B17E69600157479 /* syncview_x@2x.png */; };
		7DDA09721B17E69600157479 /* UIViewController+Syncing.m in Sources */ = {isa = PBXBuildFile; fileRef = 7DDA09691B17E69600157479 /* UIViewController+Syncing.m */; };
		7DDA09751B17FA1900157479 /* SyncViewController.xib in Resources */ = {isa = PBXBuildFile; fileRef = 7DDA09741B17FA1900157479 /* SyncViewController.xib */; };
		7DDA09791B180A5400157479 /* SyncViewController.m in Sources */ = {isa = PBXBuildFile; fileRef = 7DDA09771B180A5400157479 /* SyncViewController.m */; };
		7DFFAC5B164F058D00B58EE4 /* CoreData.framework in Frameworks */ = {isa = PBXBuildFile; fileRef = 7DFFAC5A164F058D00B58EE4 /* CoreData.framework */; };
/* End PBXBuildFile section */

/* Begin PBXFileReference section */
		1F11C85C1B5034BC0031B985 /* Bolts.framework */ = {isa = PBXFileReference; lastKnownFileType = wrapper.framework; path = Bolts.framework; sourceTree = "<group>"; };
		1F11C85D1B5034BC0031B985 /* Parse.framework */ = {isa = PBXFileReference; lastKnownFileType = wrapper.framework; path = Parse.framework; sourceTree = "<group>"; };
		1F11C8641B505AA80031B985 /* AKSwitchView.h */ = {isa = PBXFileReference; fileEncoding = 4; lastKnownFileType = sourcecode.c.h; name = AKSwitchView.h; path = ../../AlertSwitchViewController/AKSwitchView.h; sourceTree = "<group>"; };
		1F11C8651B505AA80031B985 /* AKSwitchView.m */ = {isa = PBXFileReference; fileEncoding = 4; lastKnownFileType = sourcecode.c.objc; name = AKSwitchView.m; path = ../../AlertSwitchViewController/AKSwitchView.m; sourceTree = "<group>"; };
		1F11C8671B505ABF0031B985 /* AKSwitchView.xib */ = {isa = PBXFileReference; fileEncoding = 4; lastKnownFileType = file.xib; name = AKSwitchView.xib; path = ../../AlertSwitchViewController/AKSwitchView.xib; sourceTree = "<group>"; };
		1F11C8691B50DE680031B985 /* AlertSwitchViewController.h */ = {isa = PBXFileReference; fileEncoding = 4; lastKnownFileType = sourcecode.c.h; name = AlertSwitchViewController.h; path = ../../AlertSwitchViewController/AlertSwitchViewController.h; sourceTree = "<group>"; };
		1F11C86A1B50DE680031B985 /* AlertSwitchViewController.m */ = {isa = PBXFileReference; fileEncoding = 4; lastKnownFileType = sourcecode.c.objc; name = AlertSwitchViewController.m; path = ../../AlertSwitchViewController/AlertSwitchViewController.m; sourceTree = "<group>"; };
		1FA24808183CEBE500351015 /* TableViewController.h */ = {isa = PBXFileReference; fileEncoding = 4; lastKnownFileType = sourcecode.c.h; path = TableViewController.h; sourceTree = "<group>"; };
		1FA24809183CEBE500351015 /* TableViewController.m */ = {isa = PBXFileReference; fileEncoding = 4; lastKnownFileType = sourcecode.c.objc; path = TableViewController.m; sourceTree = "<group>"; };
		1FCB757F180F46BC005BE376 /* AKDebugger.h */ = {isa = PBXFileReference; fileEncoding = 4; lastKnownFileType = sourcecode.c.h; name = AKDebugger.h; path = ../../AKDebugger/AKDebugger.h; sourceTree = "<group>"; };
		1FCB7580180F46BC005BE376 /* AKDebugger.m */ = {isa = PBXFileReference; fileEncoding = 4; lastKnownFileType = sourcecode.c.objc; name = AKDebugger.m; path = ../../AKDebugger/AKDebugger.m; sourceTree = "<group>"; };
		1FEB6EE71A4BFFB70049AFDD /* AKDebuggerRules.h */ = {isa = PBXFileReference; fileEncoding = 4; lastKnownFileType = sourcecode.c.h; path = AKDebuggerRules.h; sourceTree = "<group>"; };
		1FEB6EE81A4BFFB70049AFDD /* AKDebuggerRules.m */ = {isa = PBXFileReference; fileEncoding = 4; lastKnownFileType = sourcecode.c.objc; path = AKDebuggerRules.m; sourceTree = "<group>"; };
		1FEB6EEA1A4C04D10049AFDD /* AKSystemInfo.h */ = {isa = PBXFileReference; fileEncoding = 4; lastKnownFileType = sourcecode.c.h; name = AKSystemInfo.h; path = ../../AKSystemInfo/AKSystemInfo.h; sourceTree = "<group>"; };
		1FEB6EEE1A4C0BFC0049AFDD /* CoreDataController.h */ = {isa = PBXFileReference; fileEncoding = 4; lastKnownFileType = sourcecode.c.h; path = CoreDataController.h; sourceTree = "<group>"; };
		1FEB6EEF1A4C0BFC0049AFDD /* CoreDataController.m */ = {isa = PBXFileReference; fileEncoding = 4; lastKnownFileType = sourcecode.c.objc; path = CoreDataController.m; sourceTree = "<group>"; };
		1FEB6EF21A4C0BFC0049AFDD /* DataManager.h */ = {isa = PBXFileReference; fileEncoding = 4; lastKnownFileType = sourcecode.c.h; path = DataManager.h; sourceTree = "<group>"; };
		1FEB6EF31A4C0BFC0049AFDD /* DataManager.m */ = {isa = PBXFileReference; fileEncoding = 4; lastKnownFileType = sourcecode.c.objc; path = DataManager.m; sourceTree = "<group>"; };
		1FEB6EF71A4C0CD70049AFDD /* AKPrivateInfo.h */ = {isa = PBXFileReference; fileEncoding = 4; lastKnownFileType = sourcecode.c.h; path = AKPrivateInfo.h; sourceTree = "<group>"; };
		1FEB6EF81A4C0CD70049AFDD /* AKPrivateInfo.m */ = {isa = PBXFileReference; fileEncoding = 4; lastKnownFileType = sourcecode.c.objc; path = AKPrivateInfo.m; sourceTree = "<group>"; };
		1FEB6F041A4E76950049AFDD /* Message.h */ = {isa = PBXFileReference; fileEncoding = 4; lastKnownFileType = sourcecode.c.h; path = Message.h; sourceTree = "<group>"; };
		1FEB6F051A4E76950049AFDD /* Message.m */ = {isa = PBXFileReference; fileEncoding = 4; lastKnownFileType = sourcecode.c.objc; path = Message.m; sourceTree = "<group>"; };
		1FEB6F0A1A4F9F520049AFDD /* UIAlertController+Info.h */ = {isa = PBXFileReference; fileEncoding = 4; lastKnownFileType = sourcecode.c.h; path = "UIAlertController+Info.h"; sourceTree = "<group>"; };
		1FEB6F0B1A4F9F520049AFDD /* UIAlertController+Info.m */ = {isa = PBXFileReference; fileEncoding = 4; lastKnownFileType = sourcecode.c.objc; path = "UIAlertController+Info.m"; sourceTree = "<group>"; };
		1FECF60F1B080B600021D883 /* CoreDataModel_0,0.xcdatamodel */ = {isa = PBXFileReference; lastKnownFileType = wrapper.xcdatamodel; path = "CoreDataModel_0,0.xcdatamodel"; sourceTree = "<group>"; };
		1FECF6151B080BB10021D883 /* AKGenerics.h */ = {isa = PBXFileReference; fileEncoding = 4; lastKnownFileType = sourcecode.c.h; name = AKGenerics.h; path = ../../AKGenerics/AKGenerics.h; sourceTree = "<group>"; };
		1FECF6161B080BB10021D883 /* AKGenerics.m */ = {isa = PBXFileReference; fileEncoding = 4; lastKnownFileType = sourcecode.c.objc; name = AKGenerics.m; path = ../../AKGenerics/AKGenerics.m; sourceTree = "<group>"; };
		73B5602FF0F1B253E66B2ED6 /* libPods.a */ = {isa = PBXFileReference; explicitFileType = archive.ar; includeInIndex = 0; path = libPods.a; sourceTree = BUILT_PRODUCTS_DIR; };
		7D10BDEF160654FE00416C66 /* Default-568h@2x.png */ = {isa = PBXFileReference; lastKnownFileType = image.png; path = "Default-568h@2x.png"; sourceTree = "<group>"; };
		7D3AC9F116691B5A00594015 /* ViewController.h */ = {isa = PBXFileReference; fileEncoding = 4; lastKnownFileType = sourcecode.c.h; path = ViewController.h; sourceTree = "<group>"; };
		7D3AC9F216691B5A00594015 /* ViewController.m */ = {isa = PBXFileReference; fileEncoding = 4; lastKnownFileType = sourcecode.c.objc; path = ViewController.m; sourceTree = "<group>"; };
		7D42781F1551865E000240A5 /* Sandbox.app */ = {isa = PBXFileReference; explicitFileType = wrapper.application; includeInIndex = 0; path = Sandbox.app; sourceTree = BUILT_PRODUCTS_DIR; };
		7D4278231551865E000240A5 /* UIKit.framework */ = {isa = PBXFileReference; lastKnownFileType = wrapper.framework; name = UIKit.framework; path = System/Library/Frameworks/UIKit.framework; sourceTree = SDKROOT; };
		7D4278251551865E000240A5 /* Foundation.framework */ = {isa = PBXFileReference; lastKnownFileType = wrapper.framework; name = Foundation.framework; path = System/Library/Frameworks/Foundation.framework; sourceTree = SDKROOT; };
		7D4278271551865E000240A5 /* CoreGraphics.framework */ = {isa = PBXFileReference; lastKnownFileType = wrapper.framework; name = CoreGraphics.framework; path = System/Library/Frameworks/CoreGraphics.framework; sourceTree = SDKROOT; };
		7D42782B1551865E000240A5 /* Sandbox-Info.plist */ = {isa = PBXFileReference; lastKnownFileType = text.plist.xml; path = "Sandbox-Info.plist"; sourceTree = "<group>"; };
		7D42782D1551865E000240A5 /* en */ = {isa = PBXFileReference; lastKnownFileType = text.plist.strings; name = en; path = en.lproj/InfoPlist.strings; sourceTree = "<group>"; };
		7D42782F1551865E000240A5 /* main.m */ = {isa = PBXFileReference; lastKnownFileType = sourcecode.c.objc; path = main.m; sourceTree = "<group>"; };
		7D4278311551865E000240A5 /* Sandbox-Prefix.pch */ = {isa = PBXFileReference; lastKnownFileType = sourcecode.c.h; path = "Sandbox-Prefix.pch"; sourceTree = "<group>"; };
		7D4278321551865E000240A5 /* SandboxAppDelegate.h */ = {isa = PBXFileReference; lastKnownFileType = sourcecode.c.h; path = SandboxAppDelegate.h; sourceTree = "<group>"; };
		7D4278331551865E000240A5 /* SandboxAppDelegate.m */ = {isa = PBXFileReference; lastKnownFileType = sourcecode.c.objc; path = SandboxAppDelegate.m; sourceTree = "<group>"; };
		7D4278361551865E000240A5 /* en */ = {isa = PBXFileReference; lastKnownFileType = file.storyboard; name = en; path = en.lproj/Sandbox.storyboard; sourceTree = "<group>"; };
		7D66AE2F1B69769E00105E61 /* Launch Screen.xib */ = {isa = PBXFileReference; fileEncoding = 4; lastKnownFileType = file.xib; path = "Launch Screen.xib"; sourceTree = "<group>"; };
		7D66AE311B6976BA00105E61 /* Media.xcassets */ = {isa = PBXFileReference; lastKnownFileType = folder.assetcatalog; path = Media.xcassets; sourceTree = "<group>"; };
		7D9513C61B0A86D900E508E8 /* AudioToolbox.framework */ = {isa = PBXFileReference; lastKnownFileType = wrapper.framework; name = AudioToolbox.framework; path = System/Library/Frameworks/AudioToolbox.framework; sourceTree = SDKROOT; };
		7D9513C81B0A86E000E508E8 /* CFNetwork.framework */ = {isa = PBXFileReference; lastKnownFileType = wrapper.framework; name = CFNetwork.framework; path = System/Library/Frameworks/CFNetwork.framework; sourceTree = SDKROOT; };
		7D9513CA1B0A86E900E508E8 /* CoreLocation.framework */ = {isa = PBXFileReference; lastKnownFileType = wrapper.framework; name = CoreLocation.framework; path = System/Library/Frameworks/CoreLocation.framework; sourceTree = SDKROOT; };
		7D9513CC1B0A86F400E508E8 /* MobileCoreServices.framework */ = {isa = PBXFileReference; lastKnownFileType = wrapper.framework; name = MobileCoreServices.framework; path = System/Library/Frameworks/MobileCoreServices.framework; sourceTree = SDKROOT; };
		7D9513CE1B0A86FD00E508E8 /* Security.framework */ = {isa = PBXFileReference; lastKnownFileType = wrapper.framework; name = Security.framework; path = System/Library/Frameworks/Security.framework; sourceTree = SDKROOT; };
		7D9513D01B0A870500E508E8 /* StoreKit.framework */ = {isa = PBXFileReference; lastKnownFileType = wrapper.framework; name = StoreKit.framework; path = System/Library/Frameworks/StoreKit.framework; sourceTree = SDKROOT; };
		7D9513D21B0A872500E508E8 /* SystemConfiguration.framework */ = {isa = PBXFileReference; lastKnownFileType = wrapper.framework; name = SystemConfiguration.framework; path = System/Library/Frameworks/SystemConfiguration.framework; sourceTree = SDKROOT; };
		7D9513D41B0A872E00E508E8 /* libz.dylib */ = {isa = PBXFileReference; lastKnownFileType = "compiled.mach-o.dylib"; name = libz.dylib; path = usr/lib/libz.dylib; sourceTree = SDKROOT; };
		7D9513D61B0A873800E508E8 /* libsqlite3.dylib */ = {isa = PBXFileReference; lastKnownFileType = "compiled.mach-o.dylib"; name = libsqlite3.dylib; path = usr/lib/libsqlite3.dylib; sourceTree = SDKROOT; };
		7D9513D81B0A874600E508E8 /* Accounts.framework */ = {isa = PBXFileReference; lastKnownFileType = wrapper.framework; name = Accounts.framework; path = System/Library/Frameworks/Accounts.framework; sourceTree = SDKROOT; };
		7D9513DA1B0A874B00E508E8 /* Social.framework */ = {isa = PBXFileReference; lastKnownFileType = wrapper.framework; name = Social.framework; path = System/Library/Frameworks/Social.framework; sourceTree = SDKROOT; };
		7D9513DE1B0A8A9000E508E8 /* CoreDataModel_0,1.xcdatamodel */ = {isa = PBXFileReference; lastKnownFileType = wrapper.xcdatamodel; path = "CoreDataModel_0,1.xcdatamodel"; sourceTree = "<group>"; };
		7D9513DF1B0A966B00E508E8 /* Message+RW.h */ = {isa = PBXFileReference; lastKnownFileType = sourcecode.c.h; path = "Message+RW.h"; sourceTree = "<group>"; };
		7D9513E01B0BC1C700E508E8 /* CoreDataModel_0,2.xcdatamodel */ = {isa = PBXFileReference; lastKnownFileType = wrapper.xcdatamodel; path = "CoreDataModel_0,2.xcdatamodel"; sourceTree = "<group>"; };
		7DB435661B12516F00BAA7A2 /* AKSystemInfo.m */ = {isa = PBXFileReference; fileEncoding = 4; lastKnownFileType = sourcecode.c.objc; name = AKSystemInfo.m; path = ../../AKSystemInfo/AKSystemInfo.m; sourceTree = "<group>"; };
		7DB435681B12519300BAA7A2 /* AKDebuggerCategories.h */ = {isa = PBXFileReference; fileEncoding = 4; lastKnownFileType = sourcecode.c.h; name = AKDebuggerCategories.h; path = ../../AKDebugger/AKDebuggerCategories.h; sourceTree = "<group>"; };
		7DB4356B1B13626B00BAA7A2 /* AlertTableViewController.h */ = {isa = PBXFileReference; fileEncoding = 4; lastKnownFileType = sourcecode.c.h; path = AlertTableViewController.h; sourceTree = "<group>"; };
		7DB4356C1B13626B00BAA7A2 /* AlertTableViewController.m */ = {isa = PBXFileReference; fileEncoding = 4; lastKnownFileType = sourcecode.c.objc; path = AlertTableViewController.m; sourceTree = "<group>"; };
		7DD538A5158C100800E63E29 /* QuartzCore.framework */ = {isa = PBXFileReference; lastKnownFileType = wrapper.framework; name = QuartzCore.framework; path = System/Library/Frameworks/QuartzCore.framework; sourceTree = SDKROOT; };
		7DDA09601B17E69600157479 /* syncview_check.png */ = {isa = PBXFileReference; lastKnownFileType = image.png; path = syncview_check.png; sourceTree = "<group>"; };
		7DDA09611B17E69600157479 /* syncview_check@2x.png */ = {isa = PBXFileReference; lastKnownFileType = image.png; path = "syncview_check@2x.png"; sourceTree = "<group>"; };
		7DDA09621B17E69600157479 /* syncview_exclamation.png */ = {isa = PBXFileReference; lastKnownFileType = image.png; path = syncview_exclamation.png; sourceTree = "<group>"; };
		7DDA09631B17E69600157479 /* syncview_exclamation@2x.png */ = {isa = PBXFileReference; lastKnownFileType = image.png; path = "syncview_exclamation@2x.png"; sourceTree = "<group>"; };
		7DDA09641B17E69600157479 /* syncview_question.png */ = {isa = PBXFileReference; lastKnownFileType = image.png; path = syncview_question.png; sourceTree = "<group>"; };
		7DDA09651B17E69600157479 /* syncview_question@2x.png */ = {isa = PBXFileReference; lastKnownFileType = image.png; path = "syncview_question@2x.png"; sourceTree = "<group>"; };
		7DDA09661B17E69600157479 /* syncview_x.png */ = {isa = PBXFileReference; lastKnownFileType = image.png; path = syncview_x.png; sourceTree = "<group>"; };
		7DDA09671B17E69600157479 /* syncview_x@2x.png */ = {isa = PBXFileReference; lastKnownFileType = image.png; path = "syncview_x@2x.png"; sourceTree = "<group>"; };
		7DDA09681B17E69600157479 /* UIViewController+Syncing.h */ = {isa = PBXFileReference; fileEncoding = 4; lastKnownFileType = sourcecode.c.h; name = "UIViewController+Syncing.h"; path = "../../UIViewController+Syncing/UIViewController+Syncing.h"; sourceTree = "<group>"; };
		7DDA09691B17E69600157479 /* UIViewController+Syncing.m */ = {isa = PBXFileReference; fileEncoding = 4; lastKnownFileType = sourcecode.c.objc; name = "UIViewController+Syncing.m"; path = "../../UIViewController+Syncing/UIViewController+Syncing.m"; sourceTree = "<group>"; };
		7DDA09741B17FA1900157479 /* SyncViewController.xib */ = {isa = PBXFileReference; fileEncoding = 4; lastKnownFileType = file.xib; name = SyncViewController.xib; path = "../../UIViewController+Syncing/SyncViewController.xib"; sourceTree = "<group>"; };
		7DDA09761B180A5400157479 /* SyncViewController.h */ = {isa = PBXFileReference; fileEncoding = 4; lastKnownFileType = sourcecode.c.h; name = SyncViewController.h; path = "../../UIViewController+Syncing/SyncViewController.h"; sourceTree = "<group>"; };
		7DDA09771B180A5400157479 /* SyncViewController.m */ = {isa = PBXFileReference; fileEncoding = 4; lastKnownFileType = sourcecode.c.objc; name = SyncViewController.m; path = "../../UIViewController+Syncing/SyncViewController.m"; sourceTree = "<group>"; };
		7DFFAC5A164F058D00B58EE4 /* CoreData.framework */ = {isa = PBXFileReference; lastKnownFileType = wrapper.framework; name = CoreData.framework; path = System/Library/Frameworks/CoreData.framework; sourceTree = SDKROOT; };
		B26A26A8E8CA2A6DDC8BFD85 /* Pods.debug.xcconfig */ = {isa = PBXFileReference; includeInIndex = 1; lastKnownFileType = text.xcconfig; name = Pods.debug.xcconfig; path = "Pods/Target Support Files/Pods/Pods.debug.xcconfig"; sourceTree = "<group>"; };
		F7CFEBCA72EF496C695A3A3E /* Pods.release.xcconfig */ = {isa = PBXFileReference; includeInIndex = 1; lastKnownFileType = text.xcconfig; name = Pods.release.xcconfig; path = "Pods/Target Support Files/Pods/Pods.release.xcconfig"; sourceTree = "<group>"; };
/* End PBXFileReference section */

/* Begin PBXFrameworksBuildPhase section */
		7D42781C1551865E000240A5 /* Frameworks */ = {
			isa = PBXFrameworksBuildPhase;
			buildActionMask = 2147483647;
			files = (
				7D9513DB1B0A874B00E508E8 /* Social.framework in Frameworks */,
				7D9513D91B0A874600E508E8 /* Accounts.framework in Frameworks */,
				7D9513D71B0A873800E508E8 /* libsqlite3.dylib in Frameworks */,
				7D9513D51B0A872E00E508E8 /* libz.dylib in Frameworks */,
				7D9513D31B0A872500E508E8 /* SystemConfiguration.framework in Frameworks */,
				7D9513D11B0A870500E508E8 /* StoreKit.framework in Frameworks */,
				7D9513CF1B0A86FD00E508E8 /* Security.framework in Frameworks */,
				7D9513CD1B0A86F400E508E8 /* MobileCoreServices.framework in Frameworks */,
				7D9513CB1B0A86E900E508E8 /* CoreLocation.framework in Frameworks */,
				7D9513C91B0A86E000E508E8 /* CFNetwork.framework in Frameworks */,
				7D9513C71B0A86D900E508E8 /* AudioToolbox.framework in Frameworks */,
				7DFFAC5B164F058D00B58EE4 /* CoreData.framework in Frameworks */,
				7DD538A6158C100800E63E29 /* QuartzCore.framework in Frameworks */,
				1F11C85F1B5034BC0031B985 /* Parse.framework in Frameworks */,
				7D4278241551865E000240A5 /* UIKit.framework in Frameworks */,
				7D4278261551865E000240A5 /* Foundation.framework in Frameworks */,
				1F11C85E1B5034BC0031B985 /* Bolts.framework in Frameworks */,
				7D4278281551865E000240A5 /* CoreGraphics.framework in Frameworks */,
				0D0FFABF458E6035F5BF095E /* libPods.a in Frameworks */,
			);
			runOnlyForDeploymentPostprocessing = 0;
		};
/* End PBXFrameworksBuildPhase section */

/* Begin PBXGroup section */
		1F11C86C1B50DE6F0031B985 /* AlertSwitchViewController */ = {
			isa = PBXGroup;
			children = (
				1F11C8691B50DE680031B985 /* AlertSwitchViewController.h */,
				1F11C86A1B50DE680031B985 /* AlertSwitchViewController.m */,
				1F11C86D1B50DF690031B985 /* AKSwitchView */,
			);
			name = AlertSwitchViewController;
			sourceTree = "<group>";
		};
		1F11C86D1B50DF690031B985 /* AKSwitchView */ = {
			isa = PBXGroup;
			children = (
				1F11C8641B505AA80031B985 /* AKSwitchView.h */,
				1F11C8651B505AA80031B985 /* AKSwitchView.m */,
				1F11C8671B505ABF0031B985 /* AKSwitchView.xib */,
			);
			name = AKSwitchView;
			sourceTree = "<group>";
		};
		1FCB7582180F46D3005BE376 /* AKDebugger */ = {
			isa = PBXGroup;
			children = (
				1FCB757F180F46BC005BE376 /* AKDebugger.h */,
				1FCB7580180F46BC005BE376 /* AKDebugger.m */,
				7DB435681B12519300BAA7A2 /* AKDebuggerCategories.h */,
				1FEB6EE71A4BFFB70049AFDD /* AKDebuggerRules.h */,
				1FEB6EE81A4BFFB70049AFDD /* AKDebuggerRules.m */,
			);
			name = AKDebugger;
			sourceTree = "<group>";
		};
		1FEB6EED1A4C04D60049AFDD /* AKSystemInfo */ = {
			isa = PBXGroup;
			children = (
				1FEB6EEA1A4C04D10049AFDD /* AKSystemInfo.h */,
				7DB435661B12516F00BAA7A2 /* AKSystemInfo.m */,
			);
			name = AKSystemInfo;
			sourceTree = "<group>";
		};
		1FEB6EFA1A4C0CDE0049AFDD /* AKPrivateInfo */ = {
			isa = PBXGroup;
			children = (
				1FEB6EF71A4C0CD70049AFDD /* AKPrivateInfo.h */,
				1FEB6EF81A4C0CD70049AFDD /* AKPrivateInfo.m */,
			);
			name = AKPrivateInfo;
			sourceTree = "<group>";
		};
		1FEB6EFB1A4C0D550049AFDD /* Data Managers */ = {
			isa = PBXGroup;
			children = (
				1FEB6EF21A4C0BFC0049AFDD /* DataManager.h */,
				1FEB6EF31A4C0BFC0049AFDD /* DataManager.m */,
				1FEB6EEE1A4C0BFC0049AFDD /* CoreDataController.h */,
				1FEB6EEF1A4C0BFC0049AFDD /* CoreDataController.m */,
				1FECF60E1B080B600021D883 /* CoreDataModel.xcdatamodeld */,
				1FEB6F021A4C1F2E0049AFDD /* Core Data Objects */,
			);
			name = "Data Managers";
			sourceTree = "<group>";
		};
		1FEB6F021A4C1F2E0049AFDD /* Core Data Objects */ = {
			isa = PBXGroup;
			children = (
				1FEB6F041A4E76950049AFDD /* Message.h */,
				7D9513DF1B0A966B00E508E8 /* Message+RW.h */,
				1FEB6F051A4E76950049AFDD /* Message.m */,
			);
			name = "Core Data Objects";
			sourceTree = "<group>";
		};
		1FEB6F0D1A4F9F550049AFDD /* UIAlertController+Info */ = {
			isa = PBXGroup;
			children = (
				1FEB6F0A1A4F9F520049AFDD /* UIAlertController+Info.h */,
				1FEB6F0B1A4F9F520049AFDD /* UIAlertController+Info.m */,
			);
			name = "UIAlertController+Info";
			sourceTree = "<group>";
		};
		1FECF6181B080BB40021D883 /* AKGenerics */ = {
			isa = PBXGroup;
			children = (
				1FECF6151B080BB10021D883 /* AKGenerics.h */,
				1FECF6161B080BB10021D883 /* AKGenerics.m */,
			);
			name = AKGenerics;
			sourceTree = "<group>";
		};
		467F20F8E0D5D0D5F38DCC2A /* Pods */ = {
			isa = PBXGroup;
			children = (
				B26A26A8E8CA2A6DDC8BFD85 /* Pods.debug.xcconfig */,
				F7CFEBCA72EF496C695A3A3E /* Pods.release.xcconfig */,
			);
			name = Pods;
			sourceTree = "<group>";
		};
		7D4278141551865D000240A5 = {
			isa = PBXGroup;
			children = (
				7D10BDEF160654FE00416C66 /* Default-568h@2x.png */,
				7D4278291551865E000240A5 /* Sandbox */,
				7D4278221551865E000240A5 /* Frameworks */,
				7D4278201551865E000240A5 /* Products */,
				467F20F8E0D5D0D5F38DCC2A /* Pods */,
			);
			sourceTree = "<group>";
		};
		7D4278201551865E000240A5 /* Products */ = {
			isa = PBXGroup;
			children = (
				7D42781F1551865E000240A5 /* Sandbox.app */,
			);
			name = Products;
			sourceTree = "<group>";
		};
		7D4278221551865E000240A5 /* Frameworks */ = {
			isa = PBXGroup;
			children = (
				7D9513D81B0A874600E508E8 /* Accounts.framework */,
				7D9513C61B0A86D900E508E8 /* AudioToolbox.framework */,
				7D9513C81B0A86E000E508E8 /* CFNetwork.framework */,
				7DFFAC5A164F058D00B58EE4 /* CoreData.framework */,
				7D4278271551865E000240A5 /* CoreGraphics.framework */,
				7D9513CA1B0A86E900E508E8 /* CoreLocation.framework */,
				7D4278251551865E000240A5 /* Foundation.framework */,
				7D9513CC1B0A86F400E508E8 /* MobileCoreServices.framework */,
				7DD538A5158C100800E63E29 /* QuartzCore.framework */,
				7D9513CE1B0A86FD00E508E8 /* Security.framework */,
				7D9513DA1B0A874B00E508E8 /* Social.framework */,
				7D9513D01B0A870500E508E8 /* StoreKit.framework */,
				7D9513D21B0A872500E508E8 /* SystemConfiguration.framework */,
				7D4278231551865E000240A5 /* UIKit.framework */,
				7D9513D61B0A873800E508E8 /* libsqlite3.dylib */,
				1F11C85C1B5034BC0031B985 /* Bolts.framework */,
				1F11C85D1B5034BC0031B985 /* Parse.framework */,
				7D9513D41B0A872E00E508E8 /* libz.dylib */,
				73B5602FF0F1B253E66B2ED6 /* libPods.a */,
			);
			name = Frameworks;
			sourceTree = "<group>";
		};
		7D4278291551865E000240A5 /* Sandbox */ = {
			isa = PBXGroup;
			children = (
				7D66AE2E1B694E3500105E61 /* IMPORTED */,
				1FEB6EFA1A4C0CDE0049AFDD /* AKPrivateInfo */,
				1FEB6F0D1A4F9F550049AFDD /* UIAlertController+Info */,
				7D4278321551865E000240A5 /* SandboxAppDelegate.h */,
				7D4278331551865E000240A5 /* SandboxAppDelegate.m */,
				7D4278351551865E000240A5 /* Sandbox.storyboard */,
				1FA24808183CEBE500351015 /* TableViewController.h */,
				1FA24809183CEBE500351015 /* TableViewController.m */,
				7D3AC9F116691B5A00594015 /* ViewController.h */,
				7D3AC9F216691B5A00594015 /* ViewController.m */,
				7D66AE331B6976C000105E61 /* Assets */,
				1FEB6EFB1A4C0D550049AFDD /* Data Managers */,
				7D42782A1551865E000240A5 /* Supporting Files */,
			);
			path = Sandbox;
			sourceTree = "<group>";
		};
		7D42782A1551865E000240A5 /* Supporting Files */ = {
			isa = PBXGroup;
			children = (
				7D42782B1551865E000240A5 /* Sandbox-Info.plist */,
				7D42782C1551865E000240A5 /* InfoPlist.strings */,
				7D42782F1551865E000240A5 /* main.m */,
				7D4278311551865E000240A5 /* Sandbox-Prefix.pch */,
			);
			name = "Supporting Files";
			sourceTree = "<group>";
		};
		7D66AE2E1B694E3500105E61 /* IMPORTED */ = {
			isa = PBXGroup;
			children = (
				1FCB7582180F46D3005BE376 /* AKDebugger */,
				1FEB6EED1A4C04D60049AFDD /* AKSystemInfo */,
				1FECF6181B080BB40021D883 /* AKGenerics */,
				7DB435731B13627000BAA7A2 /* AlertTableViewController */,
				1F11C86C1B50DE6F0031B985 /* AlertSwitchViewController */,
				7DDA09731B17E69A00157479 /* UIViewController+Syncing */,
			);
			name = IMPORTED;
			sourceTree = "<group>";
		};
		7D66AE331B6976C000105E61 /* Assets */ = {
			isa = PBXGroup;
			children = (
				7D66AE2F1B69769E00105E61 /* Launch Screen.xib */,
				7D66AE311B6976BA00105E61 /* Media.xcassets */,
			);
			name = Assets;
			sourceTree = "<group>";
		};
		7DB435731B13627000BAA7A2 /* AlertTableViewController */ = {
			isa = PBXGroup;
			children = (
				7DB4356B1B13626B00BAA7A2 /* AlertTableViewController.h */,
				7DB4356C1B13626B00BAA7A2 /* AlertTableViewController.m */,
			);
			name = AlertTableViewController;
			path = ../../AlertTableViewController;
			sourceTree = "<group>";
		};
		7DDA095F1B17E69600157479 /* Icons */ = {
			isa = PBXGroup;
			children = (
				7DDA09601B17E69600157479 /* syncview_check.png */,
				7DDA09611B17E69600157479 /* syncview_check@2x.png */,
				7DDA09621B17E69600157479 /* syncview_exclamation.png */,
				7DDA09631B17E69600157479 /* syncview_exclamation@2x.png */,
				7DDA09641B17E69600157479 /* syncview_question.png */,
				7DDA09651B17E69600157479 /* syncview_question@2x.png */,
				7DDA09661B17E69600157479 /* syncview_x.png */,
				7DDA09671B17E69600157479 /* syncview_x@2x.png */,
			);
			name = Icons;
			path = "../../UIViewController+Syncing/Icons";
			sourceTree = "<group>";
		};
		7DDA09731B17E69A00157479 /* UIViewController+Syncing */ = {
			isa = PBXGroup;
			children = (
				7DDA09681B17E69600157479 /* UIViewController+Syncing.h */,
				7DDA09691B17E69600157479 /* UIViewController+Syncing.m */,
				7DDA09761B180A5400157479 /* SyncViewController.h */,
				7DDA09771B180A5400157479 /* SyncViewController.m */,
				7DDA09741B17FA1900157479 /* SyncViewController.xib */,
				7DDA095F1B17E69600157479 /* Icons */,
			);
			name = "UIViewController+Syncing";
			sourceTree = "<group>";
		};
/* End PBXGroup section */

/* Begin PBXNativeTarget section */
		7D42781E1551865E000240A5 /* Sandbox */ = {
			isa = PBXNativeTarget;
			buildConfigurationList = 7D42783D1551865E000240A5 /* Build configuration list for PBXNativeTarget "Sandbox" */;
			buildPhases = (
				6204AB20CA5545268B95CCCD /* Check Pods Manifest.lock */,
				7D42781B1551865E000240A5 /* Sources */,
				7D42781C1551865E000240A5 /* Frameworks */,
				7D42781D1551865E000240A5 /* Resources */,
				98830C07D75B453EBFBF661C /* Copy Pods Resources */,
			);
			buildRules = (
			);
			dependencies = (
			);
			name = Sandbox;
			productName = Sandbox;
			productReference = 7D42781F1551865E000240A5 /* Sandbox.app */;
			productType = "com.apple.product-type.application";
		};
/* End PBXNativeTarget section */

/* Begin PBXProject section */
		7D4278161551865D000240A5 /* Project object */ = {
			isa = PBXProject;
			attributes = {
				CLASSPREFIX = Sandbox;
				LastUpgradeCheck = 0630;
				ORGANIZATIONNAME = MCMDI;
				TargetAttributes = {
					7D42781E1551865E000240A5 = {
						DevelopmentTeam = 2D5JKD3JJW;
					};
				};
			};
			buildConfigurationList = 7D4278191551865D000240A5 /* Build configuration list for PBXProject "Sandbox" */;
			compatibilityVersion = "Xcode 3.2";
			developmentRegion = English;
			hasScannedForEncodings = 0;
			knownRegions = (
				en,
			);
			mainGroup = 7D4278141551865D000240A5;
			productRefGroup = 7D4278201551865E000240A5 /* Products */;
			projectDirPath = "";
			projectRoot = "";
			targets = (
				7D42781E1551865E000240A5 /* Sandbox */,
			);
		};
/* End PBXProject section */

/* Begin PBXResourcesBuildPhase section */
		7D42781D1551865E000240A5 /* Resources */ = {
			isa = PBXResourcesBuildPhase;
			buildActionMask = 2147483647;
			files = (
				7DDA096F1B17E69600157479 /* syncview_question@2x.png in Resources */,
				7DDA09751B17FA1900157479 /* SyncViewController.xib in Resources */,
				7D42782E1551865E000240A5 /* InfoPlist.strings in Resources */,
				7D4278371551865E000240A5 /* Sandbox.storyboard in Resources */,
				7DDA096D1B17E69600157479 /* syncview_exclamation@2x.png in Resources */,
				7D66AE301B69769E00105E61 /* Launch Screen.xib in Resources */,
				1F11C8681B505ABF0031B985 /* AKSwitchView.xib in Resources */,
				7DDA096A1B17E69600157479 /* syncview_check.png in Resources */,
				7DDA096C1B17E69600157479 /* syncview_exclamation.png in Resources */,
				7DDA096B1B17E69600157479 /* syncview_check@2x.png in Resources */,
				7D66AE321B6976BA00105E61 /* Media.xcassets in Resources */,
				7D10BDF0160654FE00416C66 /* Default-568h@2x.png in Resources */,
				7DDA09711B17E69600157479 /* syncview_x@2x.png in Resources */,
				7DDA09701B17E69600157479 /* syncview_x.png in Resources */,
				7DDA096E1B17E69600157479 /* syncview_question.png in Resources */,
			);
			runOnlyForDeploymentPostprocessing = 0;
		};
/* End PBXResourcesBuildPhase section */

/* Begin PBXShellScriptBuildPhase section */
		6204AB20CA5545268B95CCCD /* Check Pods Manifest.lock */ = {
			isa = PBXShellScriptBuildPhase;
			buildActionMask = 2147483647;
			files = (
			);
			inputPaths = (
			);
			name = "Check Pods Manifest.lock";
			outputPaths = (
			);
			runOnlyForDeploymentPostprocessing = 0;
			shellPath = /bin/sh;
			shellScript = "diff \"${PODS_ROOT}/../Podfile.lock\" \"${PODS_ROOT}/Manifest.lock\" > /dev/null\nif [[ $? != 0 ]] ; then\n    cat << EOM\nerror: The sandbox is not in sync with the Podfile.lock. Run 'pod install' or update your CocoaPods installation.\nEOM\n    exit 1\nfi\n";
			showEnvVarsInLog = 0;
		};
		98830C07D75B453EBFBF661C /* Copy Pods Resources */ = {
			isa = PBXShellScriptBuildPhase;
			buildActionMask = 2147483647;
			files = (
			);
			inputPaths = (
			);
			name = "Copy Pods Resources";
			outputPaths = (
			);
			runOnlyForDeploymentPostprocessing = 0;
			shellPath = /bin/sh;
			shellScript = "\"${SRCROOT}/Pods/Target Support Files/Pods/Pods-resources.sh\"\n";
			showEnvVarsInLog = 0;
		};
/* End PBXShellScriptBuildPhase section */

/* Begin PBXSourcesBuildPhase section */
		7D42781B1551865E000240A5 /* Sources */ = {
			isa = PBXSourcesBuildPhase;
			buildActionMask = 2147483647;
			files = (
				7D4278301551865E000240A5 /* main.m in Sources */,
				1FEB6F0C1A4F9F520049AFDD /* UIAlertController+Info.m in Sources */,
				7DB435701B13626B00BAA7A2 /* AlertTableViewController.m in Sources */,
				7DB435671B12516F00BAA7A2 /* AKSystemInfo.m in Sources */,
				1FECF6171B080BB10021D883 /* AKGenerics.m in Sources */,
				1FEB6EF61A4C0BFC0049AFDD /* DataManager.m in Sources */,
				7D4278341551865E000240A5 /* SandboxAppDelegate.m in Sources */,
				1FEB6F061A4E76950049AFDD /* Message.m in Sources */,
				7DDA09721B17E69600157479 /* UIViewController+Syncing.m in Sources */,
				7DDA09791B180A5400157479 /* SyncViewController.m in Sources */,
				1F11C86B1B50DE680031B985 /* AlertSwitchViewController.m in Sources */,
				7D3AC9F316691B5A00594015 /* ViewController.m in Sources */,
				1F11C8661B505AA80031B985 /* AKSwitchView.m in Sources */,
				1FEB6EF41A4C0BFC0049AFDD /* CoreDataController.m in Sources */,
				1FEB6EF91A4C0CD70049AFDD /* AKPrivateInfo.m in Sources */,
				1FCB7581180F46BC005BE376 /* AKDebugger.m in Sources */,
				1FEB6EE91A4BFFB70049AFDD /* AKDebuggerRules.m in Sources */,
				1FA2480A183CEBE500351015 /* TableViewController.m in Sources */,
				1FECF6101B080B600021D883 /* CoreDataModel.xcdatamodeld in Sources */,
			);
			runOnlyForDeploymentPostprocessing = 0;
		};
/* End PBXSourcesBuildPhase section */

/* Begin PBXVariantGroup section */
		7D42782C1551865E000240A5 /* InfoPlist.strings */ = {
			isa = PBXVariantGroup;
			children = (
				7D42782D1551865E000240A5 /* en */,
			);
			name = InfoPlist.strings;
			sourceTree = "<group>";
		};
		7D4278351551865E000240A5 /* Sandbox.storyboard */ = {
			isa = PBXVariantGroup;
			children = (
				7D4278361551865E000240A5 /* en */,
			);
			name = Sandbox.storyboard;
			sourceTree = "<group>";
		};
/* End PBXVariantGroup section */

/* Begin XCBuildConfiguration section */
		7D42783B1551865E000240A5 /* Debug */ = {
			isa = XCBuildConfiguration;
			buildSettings = {
				ALWAYS_SEARCH_USER_PATHS = NO;
				CLANG_ENABLE_OBJC_ARC = YES;
				CLANG_WARN_BOOL_CONVERSION = YES;
				CLANG_WARN_CONSTANT_CONVERSION = YES;
				CLANG_WARN_DEPRECATED_OBJC_IMPLEMENTATIONS = YES;
				CLANG_WARN_EMPTY_BODY = YES;
				CLANG_WARN_ENUM_CONVERSION = YES;
				CLANG_WARN_INT_CONVERSION = YES;
				CLANG_WARN_UNREACHABLE_CODE = YES;
				CLANG_WARN__DUPLICATE_METHOD_MATCH = YES;
				"CODE_SIGN_IDENTITY[sdk=iphoneos*]" = "iPhone Developer";
				COPY_PHASE_STRIP = NO;
				ENABLE_STRICT_OBJC_MSGSEND = YES;
				GCC_C_LANGUAGE_STANDARD = gnu99;
				GCC_DYNAMIC_NO_PIC = NO;
				GCC_NO_COMMON_BLOCKS = YES;
				GCC_OPTIMIZATION_LEVEL = 0;
				GCC_PREPROCESSOR_DEFINITIONS = (
					"DEBUG=1",
					"$(inherited)",
				);
				GCC_SYMBOLS_PRIVATE_EXTERN = NO;
				GCC_VERSION = com.apple.compilers.llvm.clang.1_0;
				GCC_WARN_64_TO_32_BIT_CONVERSION = YES;
				GCC_WARN_ABOUT_RETURN_TYPE = YES;
				GCC_WARN_UNDECLARED_SELECTOR = YES;
				GCC_WARN_UNINITIALIZED_AUTOS = YES;
				GCC_WARN_UNUSED_FUNCTION = YES;
				GCC_WARN_UNUSED_VARIABLE = YES;
				IPHONEOS_DEPLOYMENT_TARGET = 5.1;
				ONLY_ACTIVE_ARCH = YES;
				PROVISIONING_PROFILE = "b4a54fce-3907-4fcb-bc5b-5bf81263db51";
				SDKROOT = iphoneos;
			};
			name = Debug;
		};
		7D42783C1551865E000240A5 /* Release */ = {
			isa = XCBuildConfiguration;
			buildSettings = {
				ALWAYS_SEARCH_USER_PATHS = NO;
				CLANG_ENABLE_OBJC_ARC = YES;
				CLANG_WARN_BOOL_CONVERSION = YES;
				CLANG_WARN_CONSTANT_CONVERSION = YES;
				CLANG_WARN_DEPRECATED_OBJC_IMPLEMENTATIONS = YES;
				CLANG_WARN_EMPTY_BODY = YES;
				CLANG_WARN_ENUM_CONVERSION = YES;
				CLANG_WARN_INT_CONVERSION = YES;
				CLANG_WARN_UNREACHABLE_CODE = YES;
				CLANG_WARN__DUPLICATE_METHOD_MATCH = YES;
				"CODE_SIGN_IDENTITY[sdk=iphoneos*]" = "iPhone Developer";
				COPY_PHASE_STRIP = YES;
				ENABLE_STRICT_OBJC_MSGSEND = YES;
				GCC_C_LANGUAGE_STANDARD = gnu99;
				GCC_NO_COMMON_BLOCKS = YES;
				GCC_VERSION = com.apple.compilers.llvm.clang.1_0;
				GCC_WARN_64_TO_32_BIT_CONVERSION = YES;
				GCC_WARN_ABOUT_RETURN_TYPE = YES;
				GCC_WARN_UNDECLARED_SELECTOR = YES;
				GCC_WARN_UNINITIALIZED_AUTOS = YES;
				GCC_WARN_UNUSED_FUNCTION = YES;
				GCC_WARN_UNUSED_VARIABLE = YES;
				IPHONEOS_DEPLOYMENT_TARGET = 5.1;
				OTHER_CFLAGS = "-DNS_BLOCK_ASSERTIONS=1";
				PROVISIONING_PROFILE = "b4a54fce-3907-4fcb-bc5b-5bf81263db51";
				SDKROOT = iphoneos;
				VALIDATE_PRODUCT = YES;
			};
			name = Release;
		};
		7D42783E1551865E000240A5 /* Debug */ = {
			isa = XCBuildConfiguration;
			baseConfigurationReference = B26A26A8E8CA2A6DDC8BFD85 /* Pods.debug.xcconfig */;
			buildSettings = {
				FRAMEWORK_SEARCH_PATHS = "$(PROJECT_DIR)";
				GCC_PRECOMPILE_PREFIX_HEADER = YES;
				GCC_PREFIX_HEADER = "Sandbox/Sandbox-Prefix.pch";
				INFOPLIST_FILE = "Sandbox/Sandbox-Info.plist";
				IPHONEOS_DEPLOYMENT_TARGET = 8.0;
				PRODUCT_NAME = Sandbox;
				PROVISIONING_PROFILE = "b4a54fce-3907-4fcb-bc5b-5bf81263db51";
				WRAPPER_EXTENSION = app;
			};
			name = Debug;
		};
		7D42783F1551865E000240A5 /* Release */ = {
			isa = XCBuildConfiguration;
			baseConfigurationReference = F7CFEBCA72EF496C695A3A3E /* Pods.release.xcconfig */;
			buildSettings = {
				FRAMEWORK_SEARCH_PATHS = "$(PROJECT_DIR)";
				GCC_PRECOMPILE_PREFIX_HEADER = YES;
				GCC_PREFIX_HEADER = "Sandbox/Sandbox-Prefix.pch";
				INFOPLIST_FILE = "Sandbox/Sandbox-Info.plist";
				IPHONEOS_DEPLOYMENT_TARGET = 8.0;
				PRODUCT_NAME = Sandbox;
				PROVISIONING_PROFILE = "b4a54fce-3907-4fcb-bc5b-5bf81263db51";
				WRAPPER_EXTENSION = app;
			};
			name = Release;
		};
/* End XCBuildConfiguration section */

/* Begin XCConfigurationList section */
		7D4278191551865D000240A5 /* Build configuration list for PBXProject "Sandbox" */ = {
			isa = XCConfigurationList;
			buildConfigurations = (
				7D42783B1551865E000240A5 /* Debug */,
				7D42783C1551865E000240A5 /* Release */,
			);
			defaultConfigurationIsVisible = 0;
			defaultConfigurationName = Release;
		};
		7D42783D1551865E000240A5 /* Build configuration list for PBXNativeTarget "Sandbox" */ = {
			isa = XCConfigurationList;
			buildConfigurations = (
				7D42783E1551865E000240A5 /* Debug */,
				7D42783F1551865E000240A5 /* Release */,
			);
			defaultConfigurationIsVisible = 0;
			defaultConfigurationName = Release;
		};
/* End XCConfigurationList section */

/* Begin XCVersionGroup section */
		1FECF60E1B080B600021D883 /* CoreDataModel.xcdatamodeld */ = {
			isa = XCVersionGroup;
			children = (
				7D9513DE1B0A8A9000E508E8 /* CoreDataModel_0,1.xcdatamodel */,
				7D9513E01B0BC1C700E508E8 /* CoreDataModel_0,2.xcdatamodel */,
				1FECF60F1B080B600021D883 /* CoreDataModel_0,0.xcdatamodel */,
			);
			currentVersion = 7D9513E01B0BC1C700E508E8 /* CoreDataModel_0,2.xcdatamodel */;
			path = CoreDataModel.xcdatamodeld;
			sourceTree = "<group>";
			versionGroupType = wrapper.xcdatamodel;
		};
/* End XCVersionGroup section */
	};
	rootObject = 7D4278161551865D000240A5 /* Project object */;
}
